PODS:
  - Alamofire (5.9.1)
  - Kingfisher (7.12.0)
  - Realm (10.52.2):
    - Realm/Headers (= 10.52.2)
  - Realm/Headers (10.52.2)
  - RealmSwift (10.52.2):
    - Realm (= 10.52.2)
  - RxCocoa (6.7.1):
    - RxRelay (= 6.7.1)
    - RxSwift (= 6.7.1)
  - RxRelay (6.7.1):
    - RxSwift (= 6.7.1)
  - RxSwift (6.7.1)
  - SwiftyJSON (4.3.0)
  - Swinject (2.9.1)

DEPENDENCIES:
  - Alamofire
  - Kingfisher (~> 7.0)
  - RealmSwift (~> 10)
  - RxCocoa (= 6.7.1)
  - RxSwift (= 6.7.1)
  - SwiftyJSON (~> 4.0)
  - Swinject

SPEC REPOS:
  trunk:
    - Alamofire
    - Kingfisher
    - Realm
    - RealmSwift
    - RxCocoa
    - RxRelay
    - RxSwift
    - SwiftyJSON
    - Swinject

SPEC CHECKSUMS:
  Alamofire: f36a35757af4587d8e4f4bfa223ad10be2422b8c
  Kingfisher: 53a10ea35051a436b5fb626ca2dd8f3144d755e9
  Realm: e44eb7d20fe469fe1179894fd356727b8fbe61c2
  RealmSwift: 7aacbd3101158f7d54c930bcfcfaafadbd376ffc
  RxCocoa: f5609cb4637587a7faa99c5d5787e3ad582b75a4
  RxRelay: 4151ba01152436b08271e08410135e099880eae5
  RxSwift: b9a93a26031785159e11abd40d1a55bcb8057e52
  SwiftyJSON: 6faa0040f8b59dead0ee07436cbf76b73c08fd08
  Swinject: a827d508c6270da03ec74e558e728917a888fa9b

PODFILE CHECKSUM: 84a535df202d667bd04565e5a6b7528c4728145a

COCOAPODS: 1.15.2
