// !$*UTF8*$!
{
	archiveVersion = 1;
	classes = {
	};
	objectVersion = 70;
	objects = {

/* Begin PBXBuildFile section */
		7738CD112D09700300806BCE /* CompanyListItem.swift in Sources */ = {isa = PBXBuildFile; fileRef = 7738CD102D09700300806BCE /* CompanyListItem.swift */; };
		7738CD1C2D0A7E4E00806BCE /* MovieNowPlayingEntity.swift in Sources */ = {isa = PBXBuildFile; fileRef = 7738CD1B2D0A7E3500806BCE /* MovieNowPlayingEntity.swift */; };
		7738CD202D0A818500806BCE /* MovieNowPlayingResponse.swift in Sources */ = {isa = PBXBuildFile; fileRef = 7738CD1F2D0A818000806BCE /* MovieNowPlayingResponse.swift */; };
		7738CD222D0A81B000806BCE /* MovieRepository.swift in Sources */ = {isa = PBXBuildFile; fileRef = 7738CD212D0A81AB00806BCE /* MovieRepository.swift */; };
		7738CD272D0AA08900806BCE /* RemoteDataSource.swift in Sources */ = {isa = PBXBuildFile; fileRef = 7738CD262D0AA08400806BCE /* RemoteDataSource.swift */; };
		7738CD292D0AC40B00806BCE /* MovieNowPlayingMapper.swift in Sources */ = {isa = PBXBuildFile; fileRef = 7738CD282D0AC40100806BCE /* MovieNowPlayingMapper.swift */; };
		7738CD2B2D0FCA8F00806BCE /* MoviePopularResponse.swift in Sources */ = {isa = PBXBuildFile; fileRef = 7738CD2A2D0FCA8800806BCE /* MoviePopularResponse.swift */; };
		7738CD2D2D0FCAEE00806BCE /* MoviePopularMapper.swift in Sources */ = {isa = PBXBuildFile; fileRef = 7738CD2C2D0FCAE900806BCE /* MoviePopularMapper.swift */; };
		77504DD32D02FC00006A4DF5 /* LocalDataSource.swift in Sources */ = {isa = PBXBuildFile; fileRef = 77504DD22D02FBF9006A4DF5 /* LocalDataSource.swift */; };
		77504DD52D02FC8E006A4DF5 /* HomeInteractor.swift in Sources */ = {isa = PBXBuildFile; fileRef = 77504DD42D02FC8A006A4DF5 /* HomeInteractor.swift */; };
		77504DD72D02FC9F006A4DF5 /* DetailMovieInteractor.swift in Sources */ = {isa = PBXBuildFile; fileRef = 77504DD62D02FC97006A4DF5 /* DetailMovieInteractor.swift */; };
		77504DDB2D02FD03006A4DF5 /* DetailMovieView.swift in Sources */ = {isa = PBXBuildFile; fileRef = 77504DDA2D02FD03006A4DF5 /* DetailMovieView.swift */; };
		7752A0662CAB9739007E1B3F /* CustomError.swift in Sources */ = {isa = PBXBuildFile; fileRef = 7752A0652CAB972F007E1B3F /* CustomError.swift */; };
		7752A06E2CABA81F007E1B3F /* HomePresenter.swift in Sources */ = {isa = PBXBuildFile; fileRef = 7752A06D2CABA81F007E1B3F /* HomePresenter.swift */; };
		7752A0702CABA849007E1B3F /* DetailMoviePresenter.swift in Sources */ = {isa = PBXBuildFile; fileRef = 7752A06F2CABA849007E1B3F /* DetailMoviePresenter.swift */; };
		7752A0742CABA860007E1B3F /* DetailMovieRouter.swift in Sources */ = {isa = PBXBuildFile; fileRef = 7752A0732CABA860007E1B3F /* DetailMovieRouter.swift */; };
		7752A0762CABA9F4007E1B3F /* MovieNowPlayingModel.swift in Sources */ = {isa = PBXBuildFile; fileRef = 7752A0752CABA9EB007E1B3F /* MovieNowPlayingModel.swift */; };
		7752A0782CABAAF6007E1B3F /* MoviePopularModel.swift in Sources */ = {isa = PBXBuildFile; fileRef = 7752A0772CABAAED007E1B3F /* MoviePopularModel.swift */; };
		7752A07A2CABAB62007E1B3F /* OriginalLanguage.swift in Sources */ = {isa = PBXBuildFile; fileRef = 7752A0792CABAB57007E1B3F /* OriginalLanguage.swift */; };
		7756130A2B0E554100DC6BF4 /* CineBlixApp.swift in Sources */ = {isa = PBXBuildFile; fileRef = 775613092B0E554100DC6BF4 /* CineBlixApp.swift */; };
		7756130C2B0E554100DC6BF4 /* ContentView.swift in Sources */ = {isa = PBXBuildFile; fileRef = 7756130B2B0E554100DC6BF4 /* ContentView.swift */; };
		7756130E2B0E554200DC6BF4 /* Assets.xcassets in Resources */ = {isa = PBXBuildFile; fileRef = 7756130D2B0E554200DC6BF4 /* Assets.xcassets */; };
		775613112B0E554200DC6BF4 /* Preview Assets.xcassets in Resources */ = {isa = PBXBuildFile; fileRef = 775613102B0E554200DC6BF4 /* Preview Assets.xcassets */; };
		775ED9BE2CD2162F00E6E9CA /* FavoritePresenter.swift in Sources */ = {isa = PBXBuildFile; fileRef = 775ED9BD2CD2162900E6E9CA /* FavoritePresenter.swift */; };
		775ED9C02CD2164500E6E9CA /* FavoriteView.swift in Sources */ = {isa = PBXBuildFile; fileRef = 775ED9BF2CD2164500E6E9CA /* FavoriteView.swift */; };
		775ED9C22CD2166000E6E9CA /* ProfileView.swift in Sources */ = {isa = PBXBuildFile; fileRef = 775ED9C12CD2166000E6E9CA /* ProfileView.swift */; };
		776E4BA92CD74A3000A3449C /* ProfileRouter.swift in Sources */ = {isa = PBXBuildFile; fileRef = 776E4BA82CD74A3000A3449C /* ProfileRouter.swift */; };
		776E4BAB2CD74BD100A3449C /* ProfilePresenter.swift in Sources */ = {isa = PBXBuildFile; fileRef = 776E4BAA2CD74BD100A3449C /* ProfilePresenter.swift */; };
		776E4BAD2CD775A500A3449C /* GeneralWebview.swift in Sources */ = {isa = PBXBuildFile; fileRef = 776E4BAC2CD775A000A3449C /* GeneralWebview.swift */; };
		776E4BB22CD776EE00A3449C /* SharedMethods.swift in Sources */ = {isa = PBXBuildFile; fileRef = 776E4BB12CD776EB00A3449C /* SharedMethods.swift */; };
		776E4BB42CD7776A00A3449C /* FavoriteRouter.swift in Sources */ = {isa = PBXBuildFile; fileRef = 776E4BB32CD7776400A3449C /* FavoriteRouter.swift */; };
		777ACBF52B182CC3006DE143 /* Injection.swift in Sources */ = {isa = PBXBuildFile; fileRef = 777ACBF42B182CC3006DE143 /* Injection.swift */; };
		777ACC052B183E69006DE143 /* APICall.swift in Sources */ = {isa = PBXBuildFile; fileRef = 777ACC042B183E69006DE143 /* APICall.swift */; };
		77CF6D3C2C8EA01C00EFEA8F /* HomeView.swift in Sources */ = {isa = PBXBuildFile; fileRef = 77CF6D3B2C8EA01C00EFEA8F /* HomeView.swift */; };
		77E84C692D0938F5003A8FD2 /* GeneralButton.swift in Sources */ = {isa = PBXBuildFile; fileRef = 77E84C682D0938F5003A8FD2 /* GeneralButton.swift */; };
		FCEC3D9B3AE202F52BECE456 /* Pods_CineBlix.framework in Frameworks */ = {isa = PBXBuildFile; fileRef = E2BA810A6EC27519F17DBE16 /* Pods_CineBlix.framework */; };
/* End PBXBuildFile section */

/* Begin PBXFileReference section */
		73DDF511763A39A9D4C93E93 /* Pods-CineBlix.release.xcconfig */ = {isa = PBXFileReference; includeInIndex = 1; lastKnownFileType = text.xcconfig; name = "Pods-CineBlix.release.xcconfig"; path = "Target Support Files/Pods-CineBlix/Pods-CineBlix.release.xcconfig"; sourceTree = "<group>"; };
		7738CD102D09700300806BCE /* CompanyListItem.swift */ = {isa = PBXFileReference; lastKnownFileType = sourcecode.swift; path = CompanyListItem.swift; sourceTree = "<group>"; };
		7738CD1B2D0A7E3500806BCE /* MovieNowPlayingEntity.swift */ = {isa = PBXFileReference; lastKnownFileType = sourcecode.swift; path = MovieNowPlayingEntity.swift; sourceTree = "<group>"; };
		7738CD1F2D0A818000806BCE /* MovieNowPlayingResponse.swift */ = {isa = PBXFileReference; lastKnownFileType = sourcecode.swift; path = MovieNowPlayingResponse.swift; sourceTree = "<group>"; };
		7738CD212D0A81AB00806BCE /* MovieRepository.swift */ = {isa = PBXFileReference; lastKnownFileType = sourcecode.swift; path = MovieRepository.swift; sourceTree = "<group>"; };
		7738CD262D0AA08400806BCE /* RemoteDataSource.swift */ = {isa = PBXFileReference; lastKnownFileType = sourcecode.swift; path = RemoteDataSource.swift; sourceTree = "<group>"; };
		7738CD282D0AC40100806BCE /* MovieNowPlayingMapper.swift */ = {isa = PBXFileReference; lastKnownFileType = sourcecode.swift; path = MovieNowPlayingMapper.swift; sourceTree = "<group>"; };
		7738CD2A2D0FCA8800806BCE /* MoviePopularResponse.swift */ = {isa = PBXFileReference; lastKnownFileType = sourcecode.swift; path = MoviePopularResponse.swift; sourceTree = "<group>"; };
		7738CD2C2D0FCAE900806BCE /* MoviePopularMapper.swift */ = {isa = PBXFileReference; lastKnownFileType = sourcecode.swift; path = MoviePopularMapper.swift; sourceTree = "<group>"; };
		77504DD22D02FBF9006A4DF5 /* LocalDataSource.swift */ = {isa = PBXFileReference; lastKnownFileType = sourcecode.swift; path = LocalDataSource.swift; sourceTree = "<group>"; };
		77504DD42D02FC8A006A4DF5 /* HomeInteractor.swift */ = {isa = PBXFileReference; lastKnownFileType = sourcecode.swift; path = HomeInteractor.swift; sourceTree = "<group>"; };
		77504DD62D02FC97006A4DF5 /* DetailMovieInteractor.swift */ = {isa = PBXFileReference; lastKnownFileType = sourcecode.swift; path = DetailMovieInteractor.swift; sourceTree = "<group>"; };
		77504DDA2D02FD03006A4DF5 /* DetailMovieView.swift */ = {isa = PBXFileReference; lastKnownFileType = sourcecode.swift; path = DetailMovieView.swift; sourceTree = "<group>"; };
		7752A0652CAB972F007E1B3F /* CustomError.swift */ = {isa = PBXFileReference; lastKnownFileType = sourcecode.swift; path = CustomError.swift; sourceTree = "<group>"; };
		7752A06A2CAB9D99007E1B3F /* Secrets.xcconfig */ = {isa = PBXFileReference; lastKnownFileType = text.xcconfig; path = Secrets.xcconfig; sourceTree = "<group>"; };
		7752A06C2CAB9E5E007E1B3F /* Info.plist */ = {isa = PBXFileReference; lastKnownFileType = text.plist; path = Info.plist; sourceTree = "<group>"; };
		7752A06D2CABA81F007E1B3F /* HomePresenter.swift */ = {isa = PBXFileReference; lastKnownFileType = sourcecode.swift; path = HomePresenter.swift; sourceTree = "<group>"; };
		7752A06F2CABA849007E1B3F /* DetailMoviePresenter.swift */ = {isa = PBXFileReference; lastKnownFileType = sourcecode.swift; path = DetailMoviePresenter.swift; sourceTree = "<group>"; };
		7752A0732CABA860007E1B3F /* DetailMovieRouter.swift */ = {isa = PBXFileReference; lastKnownFileType = sourcecode.swift; path = DetailMovieRouter.swift; sourceTree = "<group>"; };
		7752A0752CABA9EB007E1B3F /* MovieNowPlayingModel.swift */ = {isa = PBXFileReference; lastKnownFileType = sourcecode.swift; path = MovieNowPlayingModel.swift; sourceTree = "<group>"; };
		7752A0772CABAAED007E1B3F /* MoviePopularModel.swift */ = {isa = PBXFileReference; lastKnownFileType = sourcecode.swift; path = MoviePopularModel.swift; sourceTree = "<group>"; };
		7752A0792CABAB57007E1B3F /* OriginalLanguage.swift */ = {isa = PBXFileReference; lastKnownFileType = sourcecode.swift; path = OriginalLanguage.swift; sourceTree = "<group>"; };
		775613062B0E554100DC6BF4 /* CineBlix.app */ = {isa = PBXFileReference; explicitFileType = wrapper.application; includeInIndex = 0; path = CineBlix.app; sourceTree = BUILT_PRODUCTS_DIR; };
		775613092B0E554100DC6BF4 /* CineBlixApp.swift */ = {isa = PBXFileReference; lastKnownFileType = sourcecode.swift; path = CineBlixApp.swift; sourceTree = "<group>"; };
		7756130B2B0E554100DC6BF4 /* ContentView.swift */ = {isa = PBXFileReference; lastKnownFileType = sourcecode.swift; path = ContentView.swift; sourceTree = "<group>"; };
		7756130D2B0E554200DC6BF4 /* Assets.xcassets */ = {isa = PBXFileReference; lastKnownFileType = folder.assetcatalog; path = Assets.xcassets; sourceTree = "<group>"; };
		775613102B0E554200DC6BF4 /* Preview Assets.xcassets */ = {isa = PBXFileReference; lastKnownFileType = folder.assetcatalog; path = "Preview Assets.xcassets"; sourceTree = "<group>"; };
		775ED9BD2CD2162900E6E9CA /* FavoritePresenter.swift */ = {isa = PBXFileReference; lastKnownFileType = sourcecode.swift; path = FavoritePresenter.swift; sourceTree = "<group>"; };
		775ED9BF2CD2164500E6E9CA /* FavoriteView.swift */ = {isa = PBXFileReference; lastKnownFileType = sourcecode.swift; path = FavoriteView.swift; sourceTree = "<group>"; };
		775ED9C12CD2166000E6E9CA /* ProfileView.swift */ = {isa = PBXFileReference; lastKnownFileType = sourcecode.swift; path = ProfileView.swift; sourceTree = "<group>"; };
		776E4BA82CD74A3000A3449C /* ProfileRouter.swift */ = {isa = PBXFileReference; lastKnownFileType = sourcecode.swift; path = ProfileRouter.swift; sourceTree = "<group>"; };
		776E4BAA2CD74BD100A3449C /* ProfilePresenter.swift */ = {isa = PBXFileReference; lastKnownFileType = sourcecode.swift; path = ProfilePresenter.swift; sourceTree = "<group>"; };
		776E4BAC2CD775A000A3449C /* GeneralWebview.swift */ = {isa = PBXFileReference; lastKnownFileType = sourcecode.swift; path = GeneralWebview.swift; sourceTree = "<group>"; };
		776E4BB12CD776EB00A3449C /* SharedMethods.swift */ = {isa = PBXFileReference; lastKnownFileType = sourcecode.swift; path = SharedMethods.swift; sourceTree = "<group>"; };
		776E4BB32CD7776400A3449C /* FavoriteRouter.swift */ = {isa = PBXFileReference; lastKnownFileType = sourcecode.swift; path = FavoriteRouter.swift; sourceTree = "<group>"; };
		777ACBF42B182CC3006DE143 /* Injection.swift */ = {isa = PBXFileReference; lastKnownFileType = sourcecode.swift; path = Injection.swift; sourceTree = "<group>"; };
		777ACC042B183E69006DE143 /* APICall.swift */ = {isa = PBXFileReference; lastKnownFileType = sourcecode.swift; path = APICall.swift; sourceTree = "<group>"; };
		77CF6D3B2C8EA01C00EFEA8F /* HomeView.swift */ = {isa = PBXFileReference; lastKnownFileType = sourcecode.swift; path = HomeView.swift; sourceTree = "<group>"; };
		77E84C682D0938F5003A8FD2 /* GeneralButton.swift */ = {isa = PBXFileReference; lastKnownFileType = sourcecode.swift; path = GeneralButton.swift; sourceTree = "<group>"; };
		A79BA137670E506C04F6D612 /* Pods-CineBlix.debug.xcconfig */ = {isa = PBXFileReference; includeInIndex = 1; lastKnownFileType = text.xcconfig; name = "Pods-CineBlix.debug.xcconfig"; path = "Target Support Files/Pods-CineBlix/Pods-CineBlix.debug.xcconfig"; sourceTree = "<group>"; };
		E2BA810A6EC27519F17DBE16 /* Pods_CineBlix.framework */ = {isa = PBXFileReference; explicitFileType = wrapper.framework; includeInIndex = 0; path = Pods_CineBlix.framework; sourceTree = BUILT_PRODUCTS_DIR; };
/* End PBXFileReference section */

/* Begin PBXFileSystemSynchronizedRootGroup section */
		775ED9C32CD2284600E6E9CA /* Components */ = {isa = PBXFileSystemSynchronizedRootGroup; explicitFileTypes = {}; explicitFolders = (); path = Components; sourceTree = "<group>"; };
/* End PBXFileSystemSynchronizedRootGroup section */

/* Begin PBXFrameworksBuildPhase section */
		775613032B0E554100DC6BF4 /* Frameworks */ = {
			isa = PBXFrameworksBuildPhase;
			buildActionMask = 2147483647;
			files = (
				FCEC3D9B3AE202F52BECE456 /* Pods_CineBlix.framework in Frameworks */,
			);
			runOnlyForDeploymentPostprocessing = 0;
		};
/* End PBXFrameworksBuildPhase section */

/* Begin PBXGroup section */
		2DC66C3FF1A68710F7CA022A /* Pods */ = {
			isa = PBXGroup;
			children = (
				A79BA137670E506C04F6D612 /* Pods-CineBlix.debug.xcconfig */,
				73DDF511763A39A9D4C93E93 /* Pods-CineBlix.release.xcconfig */,
			);
			path = Pods;
			sourceTree = "<group>";
		};
		7738CD092D093FB000806BCE /* Webview */ = {
			isa = PBXGroup;
			children = (
				776E4BAC2CD775A000A3449C /* GeneralWebview.swift */,
			);
			path = Webview;
			sourceTree = "<group>";
		};
		7738CD122D09703000806BCE /* Components */ = {
			isa = PBXGroup;
			children = (
				7738CD102D09700300806BCE /* CompanyListItem.swift */,
			);
			path = Components;
			sourceTree = "<group>";
		};
		7738CD172D0A7E0B00806BCE /* Remote */ = {
			isa = PBXGroup;
			children = (
				7738CD262D0AA08400806BCE /* RemoteDataSource.swift */,
				7738CD1E2D0A817500806BCE /* Response */,
			);
			path = Remote;
			sourceTree = "<group>";
		};
		7738CD182D0A7E1500806BCE /* Locale */ = {
			isa = PBXGroup;
			children = (
				7738CD1D2D0A7E5200806BCE /* Entity */,
				77504DD22D02FBF9006A4DF5 /* LocalDataSource.swift */,
			);
			path = Locale;
			sourceTree = "<group>";
		};
		7738CD1D2D0A7E5200806BCE /* Entity */ = {
			isa = PBXGroup;
			children = (
				7738CD1B2D0A7E3500806BCE /* MovieNowPlayingEntity.swift */,
			);
			path = Entity;
			sourceTree = "<group>";
		};
		7738CD1E2D0A817500806BCE /* Response */ = {
			isa = PBXGroup;
			children = (
				7738CD2A2D0FCA8800806BCE /* MoviePopularResponse.swift */,
				7738CD1F2D0A818000806BCE /* MovieNowPlayingResponse.swift */,
			);
			path = Response;
			sourceTree = "<group>";
		};
		77464D732C204D7500C8B962 /* Favorite */ = {
			isa = PBXGroup;
			children = (
				776E4BB32CD7776400A3449C /* FavoriteRouter.swift */,
				775ED9BD2CD2162900E6E9CA /* FavoritePresenter.swift */,
				775ED9BF2CD2164500E6E9CA /* FavoriteView.swift */,
			);
			path = Favorite;
			sourceTree = "<group>";
		};
		77464D742C204D7E00C8B962 /* Profile */ = {
			isa = PBXGroup;
			children = (
				775ED9C12CD2166000E6E9CA /* ProfileView.swift */,
				776E4BA82CD74A3000A3449C /* ProfileRouter.swift */,
				776E4BAA2CD74BD100A3449C /* ProfilePresenter.swift */,
			);
			path = Profile;
			sourceTree = "<group>";
		};
		7752A06B2CAB9D99007E1B3F /* SecureAPIKeys */ = {
			isa = PBXGroup;
			children = (
				7752A06A2CAB9D99007E1B3F /* Secrets.xcconfig */,
			);
			path = SecureAPIKeys;
			sourceTree = "<group>";
		};
		775612FD2B0E554100DC6BF4 = {
			isa = PBXGroup;
			children = (
				775613082B0E554100DC6BF4 /* CineBlix */,
				775613072B0E554100DC6BF4 /* Products */,
				2DC66C3FF1A68710F7CA022A /* Pods */,
				E8E97525A68AC44E684154F6 /* Frameworks */,
				7752A06B2CAB9D99007E1B3F /* SecureAPIKeys */,
			);
			sourceTree = "<group>";
		};
		775613072B0E554100DC6BF4 /* Products */ = {
			isa = PBXGroup;
			children = (
				775613062B0E554100DC6BF4 /* CineBlix.app */,
			);
			name = Products;
			sourceTree = "<group>";
		};
		775613082B0E554100DC6BF4 /* CineBlix */ = {
			isa = PBXGroup;
			children = (
				7752A06C2CAB9E5E007E1B3F /* Info.plist */,
				77690B932B0F160E002CBFA2 /* Modules */,
				77690B882B0F0D1B002CBFA2 /* SupportingContent */,
				77690B872B0F0D08002CBFA2 /* Core */,
				77690B862B0F0D02002CBFA2 /* App */,
				775613092B0E554100DC6BF4 /* CineBlixApp.swift */,
				7756130B2B0E554100DC6BF4 /* ContentView.swift */,
				7756130D2B0E554200DC6BF4 /* Assets.xcassets */,
				7756130F2B0E554200DC6BF4 /* Preview Content */,
			);
			path = CineBlix;
			sourceTree = "<group>";
		};
		7756130F2B0E554200DC6BF4 /* Preview Content */ = {
			isa = PBXGroup;
			children = (
				775613102B0E554200DC6BF4 /* Preview Assets.xcassets */,
			);
			path = "Preview Content";
			sourceTree = "<group>";
		};
		77690B862B0F0D02002CBFA2 /* App */ = {
			isa = PBXGroup;
			children = (
			);
			path = App;
			sourceTree = "<group>";
		};
		77690B872B0F0D08002CBFA2 /* Core */ = {
			isa = PBXGroup;
			children = (
				77690B8E2B0F15BA002CBFA2 /* Utils */,
				77690B8B2B0F1585002CBFA2 /* Domain */,
				77690B8A2B0F157D002CBFA2 /* DI */,
				77690B892B0F1570002CBFA2 /* Data */,
			);
			path = Core;
			sourceTree = "<group>";
		};
		77690B882B0F0D1B002CBFA2 /* SupportingContent */ = {
			isa = PBXGroup;
			children = (
			);
			path = SupportingContent;
			sourceTree = "<group>";
		};
		77690B892B0F1570002CBFA2 /* Data */ = {
			isa = PBXGroup;
			children = (
				7738CD212D0A81AB00806BCE /* MovieRepository.swift */,
				7738CD182D0A7E1500806BCE /* Locale */,
				7738CD172D0A7E0B00806BCE /* Remote */,
			);
			path = Data;
			sourceTree = "<group>";
		};
		77690B8A2B0F157D002CBFA2 /* DI */ = {
			isa = PBXGroup;
			children = (
				777ACBF42B182CC3006DE143 /* Injection.swift */,
			);
			path = DI;
			sourceTree = "<group>";
		};
		77690B8B2B0F1585002CBFA2 /* Domain */ = {
			isa = PBXGroup;
			children = (
				77690B8D2B0F159D002CBFA2 /* UseCase */,
				77690B8C2B0F1594002CBFA2 /* Model */,
			);
			path = Domain;
			sourceTree = "<group>";
		};
		77690B8C2B0F1594002CBFA2 /* Model */ = {
			isa = PBXGroup;
			children = (
				7752A0792CABAB57007E1B3F /* OriginalLanguage.swift */,
				7752A0772CABAAED007E1B3F /* MoviePopularModel.swift */,
				7752A0752CABA9EB007E1B3F /* MovieNowPlayingModel.swift */,
			);
			path = Model;
			sourceTree = "<group>";
		};
		77690B8D2B0F159D002CBFA2 /* UseCase */ = {
			isa = PBXGroup;
			children = (
				77504DD62D02FC97006A4DF5 /* DetailMovieInteractor.swift */,
				77504DD42D02FC8A006A4DF5 /* HomeInteractor.swift */,
			);
			path = UseCase;
			sourceTree = "<group>";
		};
		77690B8E2B0F15BA002CBFA2 /* Utils */ = {
			isa = PBXGroup;
			children = (
				776E4BAE2CD7766F00A3449C /* SharedMethods */,
				77690B912B0F15E1002CBFA2 /* Exstensions */,
				77690B902B0F15D9002CBFA2 /* Mapper */,
				77690B8F2B0F15C8002CBFA2 /* Network */,
			);
			path = Utils;
			sourceTree = "<group>";
		};
		77690B8F2B0F15C8002CBFA2 /* Network */ = {
			isa = PBXGroup;
			children = (
				777ACC042B183E69006DE143 /* APICall.swift */,
			);
			path = Network;
			sourceTree = "<group>";
		};
		77690B902B0F15D9002CBFA2 /* Mapper */ = {
			isa = PBXGroup;
			children = (
				7738CD2C2D0FCAE900806BCE /* MoviePopularMapper.swift */,
				7738CD282D0AC40100806BCE /* MovieNowPlayingMapper.swift */,
			);
			path = Mapper;
			sourceTree = "<group>";
		};
		77690B912B0F15E1002CBFA2 /* Exstensions */ = {
			isa = PBXGroup;
			children = (
				7752A0652CAB972F007E1B3F /* CustomError.swift */,
			);
			path = Exstensions;
			sourceTree = "<group>";
		};
		77690B932B0F160E002CBFA2 /* Modules */ = {
			isa = PBXGroup;
			children = (
				7738CD092D093FB000806BCE /* Webview */,
				77E84C672D0938E3003A8FD2 /* Components */,
				77464D742C204D7E00C8B962 /* Profile */,
				77464D732C204D7500C8B962 /* Favorite */,
				77690B952B0F161F002CBFA2 /* Detail */,
				77690B942B0F161A002CBFA2 /* Home */,
			);
			path = Modules;
			sourceTree = "<group>";
		};
		77690B942B0F161A002CBFA2 /* Home */ = {
			isa = PBXGroup;
			children = (
				775ED9C32CD2284600E6E9CA /* Components */,
				7752A06D2CABA81F007E1B3F /* HomePresenter.swift */,
				77CF6D3B2C8EA01C00EFEA8F /* HomeView.swift */,
			);
			path = Home;
			sourceTree = "<group>";
		};
		77690B952B0F161F002CBFA2 /* Detail */ = {
			isa = PBXGroup;
			children = (
				7738CD122D09703000806BCE /* Components */,
				7752A06F2CABA849007E1B3F /* DetailMoviePresenter.swift */,
				7752A0732CABA860007E1B3F /* DetailMovieRouter.swift */,
				77504DDA2D02FD03006A4DF5 /* DetailMovieView.swift */,
			);
			path = Detail;
			sourceTree = "<group>";
		};
		776E4BAE2CD7766F00A3449C /* SharedMethods */ = {
			isa = PBXGroup;
			children = (
				776E4BB12CD776EB00A3449C /* SharedMethods.swift */,
			);
			path = SharedMethods;
			sourceTree = "<group>";
		};
		77E84C672D0938E3003A8FD2 /* Components */ = {
			isa = PBXGroup;
			children = (
				77E84C682D0938F5003A8FD2 /* GeneralButton.swift */,
			);
			path = Components;
			sourceTree = "<group>";
		};
		E8E97525A68AC44E684154F6 /* Frameworks */ = {
			isa = PBXGroup;
			children = (
				E2BA810A6EC27519F17DBE16 /* Pods_CineBlix.framework */,
			);
			name = Frameworks;
			sourceTree = "<group>";
		};
/* End PBXGroup section */

/* Begin PBXNativeTarget section */
		775613052B0E554100DC6BF4 /* CineBlix */ = {
			isa = PBXNativeTarget;
			buildConfigurationList = 775613142B0E554200DC6BF4 /* Build configuration list for PBXNativeTarget "CineBlix" */;
			buildPhases = (
				23FAB1068207CB6B17A8BC81 /* [CP] Check Pods Manifest.lock */,
				775613022B0E554100DC6BF4 /* Sources */,
				775613032B0E554100DC6BF4 /* Frameworks */,
				775613042B0E554100DC6BF4 /* Resources */,
				7484AC23A77152B2D6F196FE /* [CP] Embed Pods Frameworks */,
			);
			buildRules = (
			);
			dependencies = (
			);
			fileSystemSynchronizedGroups = (
				775ED9C32CD2284600E6E9CA /* Components */,
			);
			name = CineBlix;
			productName = CineBlix;
			productReference = 775613062B0E554100DC6BF4 /* CineBlix.app */;
			productType = "com.apple.product-type.application";
		};
/* End PBXNativeTarget section */

/* Begin PBXProject section */
		775612FE2B0E554100DC6BF4 /* Project object */ = {
			isa = PBXProject;
			attributes = {
				BuildIndependentTargetsInParallel = 1;
				LastSwiftUpdateCheck = 1500;
				LastUpgradeCheck = 1500;
				TargetAttributes = {
					775613052B0E554100DC6BF4 = {
						CreatedOnToolsVersion = 15.0.1;
					};
				};
			};
			buildConfigurationList = 775613012B0E554100DC6BF4 /* Build configuration list for PBXProject "CineBlix" */;
			compatibilityVersion = "Xcode 14.0";
			developmentRegion = en;
			hasScannedForEncodings = 0;
			knownRegions = (
				en,
				Base,
			);
			mainGroup = 775612FD2B0E554100DC6BF4;
			productRefGroup = 775613072B0E554100DC6BF4 /* Products */;
			projectDirPath = "";
			projectRoot = "";
			targets = (
				775613052B0E554100DC6BF4 /* CineBlix */,
			);
		};
/* End PBXProject section */

/* Begin PBXResourcesBuildPhase section */
		775613042B0E554100DC6BF4 /* Resources */ = {
			isa = PBXResourcesBuildPhase;
			buildActionMask = 2147483647;
			files = (
				775613112B0E554200DC6BF4 /* Preview Assets.xcassets in Resources */,
				7756130E2B0E554200DC6BF4 /* Assets.xcassets in Resources */,
			);
			runOnlyForDeploymentPostprocessing = 0;
		};
/* End PBXResourcesBuildPhase section */

/* Begin PBXShellScriptBuildPhase section */
		23FAB1068207CB6B17A8BC81 /* [CP] Check Pods Manifest.lock */ = {
			isa = PBXShellScriptBuildPhase;
			buildActionMask = 2147483647;
			files = (
			);
			inputFileListPaths = (
			);
			inputPaths = (
				"${PODS_PODFILE_DIR_PATH}/Podfile.lock",
				"${PODS_ROOT}/Manifest.lock",
			);
			name = "[CP] Check Pods Manifest.lock";
			outputFileListPaths = (
			);
			outputPaths = (
				"$(DERIVED_FILE_DIR)/Pods-CineBlix-checkManifestLockResult.txt",
			);
			runOnlyForDeploymentPostprocessing = 0;
			shellPath = /bin/sh;
			shellScript = "diff \"${PODS_PODFILE_DIR_PATH}/Podfile.lock\" \"${PODS_ROOT}/Manifest.lock\" > /dev/null\nif [ $? != 0 ] ; then\n    # print error to STDERR\n    echo \"error: The sandbox is not in sync with the Podfile.lock. Run 'pod install' or update your CocoaPods installation.\" >&2\n    exit 1\nfi\n# This output is used by Xcode 'outputs' to avoid re-running this script phase.\necho \"SUCCESS\" > \"${SCRIPT_OUTPUT_FILE_0}\"\n";
			showEnvVarsInLog = 0;
		};
		7484AC23A77152B2D6F196FE /* [CP] Embed Pods Frameworks */ = {
			isa = PBXShellScriptBuildPhase;
			buildActionMask = 2147483647;
			files = (
			);
			inputFileListPaths = (
				"${PODS_ROOT}/Target Support Files/Pods-CineBlix/Pods-CineBlix-frameworks-${CONFIGURATION}-input-files.xcfilelist",
			);
			name = "[CP] Embed Pods Frameworks";
			outputFileListPaths = (
				"${PODS_ROOT}/Target Support Files/Pods-CineBlix/Pods-CineBlix-frameworks-${CONFIGURATION}-output-files.xcfilelist",
			);
			runOnlyForDeploymentPostprocessing = 0;
			shellPath = /bin/sh;
			shellScript = "\"${PODS_ROOT}/Target Support Files/Pods-CineBlix/Pods-CineBlix-frameworks.sh\"\n";
			showEnvVarsInLog = 0;
		};
/* End PBXShellScriptBuildPhase section */

/* Begin PBXSourcesBuildPhase section */
		775613022B0E554100DC6BF4 /* Sources */ = {
			isa = PBXSourcesBuildPhase;
			buildActionMask = 2147483647;
			files = (
				776E4BA92CD74A3000A3449C /* ProfileRouter.swift in Sources */,
				7752A0702CABA849007E1B3F /* DetailMoviePresenter.swift in Sources */,
				7752A06E2CABA81F007E1B3F /* HomePresenter.swift in Sources */,
				77504DDB2D02FD03006A4DF5 /* DetailMovieView.swift in Sources */,
				7752A0782CABAAF6007E1B3F /* MoviePopularModel.swift in Sources */,
				7738CD2D2D0FCAEE00806BCE /* MoviePopularMapper.swift in Sources */,
				7738CD292D0AC40B00806BCE /* MovieNowPlayingMapper.swift in Sources */,
				77504DD72D02FC9F006A4DF5 /* DetailMovieInteractor.swift in Sources */,
				7738CD272D0AA08900806BCE /* RemoteDataSource.swift in Sources */,
				77504DD32D02FC00006A4DF5 /* LocalDataSource.swift in Sources */,
				777ACBF52B182CC3006DE143 /* Injection.swift in Sources */,
				77504DD52D02FC8E006A4DF5 /* HomeInteractor.swift in Sources */,
				7756130C2B0E554100DC6BF4 /* ContentView.swift in Sources */,
				77E84C692D0938F5003A8FD2 /* GeneralButton.swift in Sources */,
				7738CD222D0A81B000806BCE /* MovieRepository.swift in Sources */,
				7738CD202D0A818500806BCE /* MovieNowPlayingResponse.swift in Sources */,
				776E4BB42CD7776A00A3449C /* FavoriteRouter.swift in Sources */,
				7738CD112D09700300806BCE /* CompanyListItem.swift in Sources */,
				777ACC052B183E69006DE143 /* APICall.swift in Sources */,
				7752A0762CABA9F4007E1B3F /* MovieNowPlayingModel.swift in Sources */,
				77CF6D3C2C8EA01C00EFEA8F /* HomeView.swift in Sources */,
				776E4BB22CD776EE00A3449C /* SharedMethods.swift in Sources */,
				775ED9C22CD2166000E6E9CA /* ProfileView.swift in Sources */,
				7752A07A2CABAB62007E1B3F /* OriginalLanguage.swift in Sources */,
				7738CD1C2D0A7E4E00806BCE /* MovieNowPlayingEntity.swift in Sources */,
				7752A0742CABA860007E1B3F /* DetailMovieRouter.swift in Sources */,
				775ED9BE2CD2162F00E6E9CA /* FavoritePresenter.swift in Sources */,
				7756130A2B0E554100DC6BF4 /* CineBlixApp.swift in Sources */,
				775ED9C02CD2164500E6E9CA /* FavoriteView.swift in Sources */,
				776E4BAD2CD775A500A3449C /* GeneralWebview.swift in Sources */,
				776E4BAB2CD74BD100A3449C /* ProfilePresenter.swift in Sources */,
				7752A0662CAB9739007E1B3F /* CustomError.swift in Sources */,
				7738CD2B2D0FCA8F00806BCE /* MoviePopularResponse.swift in Sources */,
			);
			runOnlyForDeploymentPostprocessing = 0;
		};
/* End PBXSourcesBuildPhase section */

/* Begin XCBuildConfiguration section */
		775613122B0E554200DC6BF4 /* Debug */ = {
			isa = XCBuildConfiguration;
			buildSettings = {
				ALWAYS_SEARCH_USER_PATHS = NO;
				ASSETCATALOG_COMPILER_GENERATE_SWIFT_ASSET_SYMBOL_EXTENSIONS = YES;
				CLANG_ANALYZER_NONNULL = YES;
				CLANG_ANALYZER_NUMBER_OBJECT_CONVERSION = YES_AGGRESSIVE;
				CLANG_CXX_LANGUAGE_STANDARD = "gnu++20";
				CLANG_ENABLE_MODULES = YES;
				CLANG_ENABLE_OBJC_ARC = YES;
				CLANG_ENABLE_OBJC_WEAK = YES;
				CLANG_WARN_BLOCK_CAPTURE_AUTORELEASING = YES;
				CLANG_WARN_BOOL_CONVERSION = YES;
				CLANG_WARN_COMMA = YES;
				CLANG_WARN_CONSTANT_CONVERSION = YES;
				CLANG_WARN_DEPRECATED_OBJC_IMPLEMENTATIONS = YES;
				CLANG_WARN_DIRECT_OBJC_ISA_USAGE = YES_ERROR;
				CLANG_WARN_DOCUMENTATION_COMMENTS = YES;
				CLANG_WARN_EMPTY_BODY = YES;
				CLANG_WARN_ENUM_CONVERSION = YES;
				CLANG_WARN_INFINITE_RECURSION = YES;
				CLANG_WARN_INT_CONVERSION = YES;
				CLANG_WARN_NON_LITERAL_NULL_CONVERSION = YES;
				CLANG_WARN_OBJC_IMPLICIT_RETAIN_SELF = YES;
				CLANG_WARN_OBJC_LITERAL_CONVERSION = YES;
				CLANG_WARN_OBJC_ROOT_CLASS = YES_ERROR;
				CLANG_WARN_QUOTED_INCLUDE_IN_FRAMEWORK_HEADER = YES;
				CLANG_WARN_RANGE_LOOP_ANALYSIS = YES;
				CLANG_WARN_STRICT_PROTOTYPES = YES;
				CLANG_WARN_SUSPICIOUS_MOVE = YES;
				CLANG_WARN_UNGUARDED_AVAILABILITY = YES_AGGRESSIVE;
				CLANG_WARN_UNREACHABLE_CODE = YES;
				CLANG_WARN__DUPLICATE_METHOD_MATCH = YES;
				COPY_PHASE_STRIP = NO;
				DEBUG_INFORMATION_FORMAT = dwarf;
				ENABLE_STRICT_OBJC_MSGSEND = YES;
				ENABLE_TESTABILITY = YES;
				ENABLE_USER_SCRIPT_SANDBOXING = YES;
				GCC_C_LANGUAGE_STANDARD = gnu17;
				GCC_DYNAMIC_NO_PIC = NO;
				GCC_NO_COMMON_BLOCKS = YES;
				GCC_OPTIMIZATION_LEVEL = 0;
				GCC_PREPROCESSOR_DEFINITIONS = (
					"DEBUG=1",
					"$(inherited)",
				);
				GCC_WARN_64_TO_32_BIT_CONVERSION = YES;
				GCC_WARN_ABOUT_RETURN_TYPE = YES_ERROR;
				GCC_WARN_UNDECLARED_SELECTOR = YES;
				GCC_WARN_UNINITIALIZED_AUTOS = YES_AGGRESSIVE;
				GCC_WARN_UNUSED_FUNCTION = YES;
				GCC_WARN_UNUSED_VARIABLE = YES;
				IPHONEOS_DEPLOYMENT_TARGET = 15.2;
				LOCALIZATION_PREFERS_STRING_CATALOGS = YES;
				MTL_ENABLE_DEBUG_INFO = INCLUDE_SOURCE;
				MTL_FAST_MATH = YES;
				ONLY_ACTIVE_ARCH = YES;
				SDKROOT = iphoneos;
				SWIFT_ACTIVE_COMPILATION_CONDITIONS = "DEBUG $(inherited)";
				SWIFT_OPTIMIZATION_LEVEL = "-Onone";
			};
			name = Debug;
		};
		775613132B0E554200DC6BF4 /* Release */ = {
			isa = XCBuildConfiguration;
			buildSettings = {
				ALWAYS_SEARCH_USER_PATHS = NO;
				ASSETCATALOG_COMPILER_GENERATE_SWIFT_ASSET_SYMBOL_EXTENSIONS = YES;
				CLANG_ANALYZER_NONNULL = YES;
				CLANG_ANALYZER_NUMBER_OBJECT_CONVERSION = YES_AGGRESSIVE;
				CLANG_CXX_LANGUAGE_STANDARD = "gnu++20";
				CLANG_ENABLE_MODULES = YES;
				CLANG_ENABLE_OBJC_ARC = YES;
				CLANG_ENABLE_OBJC_WEAK = YES;
				CLANG_WARN_BLOCK_CAPTURE_AUTORELEASING = YES;
				CLANG_WARN_BOOL_CONVERSION = YES;
				CLANG_WARN_COMMA = YES;
				CLANG_WARN_CONSTANT_CONVERSION = YES;
				CLANG_WARN_DEPRECATED_OBJC_IMPLEMENTATIONS = YES;
				CLANG_WARN_DIRECT_OBJC_ISA_USAGE = YES_ERROR;
				CLANG_WARN_DOCUMENTATION_COMMENTS = YES;
				CLANG_WARN_EMPTY_BODY = YES;
				CLANG_WARN_ENUM_CONVERSION = YES;
				CLANG_WARN_INFINITE_RECURSION = YES;
				CLANG_WARN_INT_CONVERSION = YES;
				CLANG_WARN_NON_LITERAL_NULL_CONVERSION = YES;
				CLANG_WARN_OBJC_IMPLICIT_RETAIN_SELF = YES;
				CLANG_WARN_OBJC_LITERAL_CONVERSION = YES;
				CLANG_WARN_OBJC_ROOT_CLASS = YES_ERROR;
				CLANG_WARN_QUOTED_INCLUDE_IN_FRAMEWORK_HEADER = YES;
				CLANG_WARN_RANGE_LOOP_ANALYSIS = YES;
				CLANG_WARN_STRICT_PROTOTYPES = YES;
				CLANG_WARN_SUSPICIOUS_MOVE = YES;
				CLANG_WARN_UNGUARDED_AVAILABILITY = YES_AGGRESSIVE;
				CLANG_WARN_UNREACHABLE_CODE = YES;
				CLANG_WARN__DUPLICATE_METHOD_MATCH = YES;
				COPY_PHASE_STRIP = NO;
				DEBUG_INFORMATION_FORMAT = "dwarf-with-dsym";
				ENABLE_NS_ASSERTIONS = NO;
				ENABLE_STRICT_OBJC_MSGSEND = YES;
				ENABLE_USER_SCRIPT_SANDBOXING = YES;
				GCC_C_LANGUAGE_STANDARD = gnu17;
				GCC_NO_COMMON_BLOCKS = YES;
				GCC_WARN_64_TO_32_BIT_CONVERSION = YES;
				GCC_WARN_ABOUT_RETURN_TYPE = YES_ERROR;
				GCC_WARN_UNDECLARED_SELECTOR = YES;
				GCC_WARN_UNINITIALIZED_AUTOS = YES_AGGRESSIVE;
				GCC_WARN_UNUSED_FUNCTION = YES;
				GCC_WARN_UNUSED_VARIABLE = YES;
				IPHONEOS_DEPLOYMENT_TARGET = 15.2;
				LOCALIZATION_PREFERS_STRING_CATALOGS = YES;
				MTL_ENABLE_DEBUG_INFO = NO;
				MTL_FAST_MATH = YES;
				SDKROOT = iphoneos;
				SWIFT_COMPILATION_MODE = wholemodule;
				VALIDATE_PRODUCT = YES;
			};
			name = Release;
		};
		775613152B0E554200DC6BF4 /* Debug */ = {
			isa = XCBuildConfiguration;
			baseConfigurationReference = A79BA137670E506C04F6D612 /* Pods-CineBlix.debug.xcconfig */;
			buildSettings = {
				ASSETCATALOG_COMPILER_APPICON_NAME = AppIcon;
				ASSETCATALOG_COMPILER_GLOBAL_ACCENT_COLOR_NAME = AccentColor;
				CODE_SIGN_STYLE = Automatic;
				CURRENT_PROJECT_VERSION = 1;
				DEVELOPMENT_ASSET_PATHS = "\"CineBlix/Preview Content\"";
				DEVELOPMENT_TEAM = DYXBWDG6F4;
				ENABLE_PREVIEWS = YES;
				ENABLE_USER_SCRIPT_SANDBOXING = NO;
				GENERATE_INFOPLIST_FILE = YES;
				INFOPLIST_FILE = CineBlix/Info.plist;
				INFOPLIST_KEY_UIApplicationSceneManifest_Generation = YES;
				INFOPLIST_KEY_UIApplicationSupportsIndirectInputEvents = YES;
				INFOPLIST_KEY_UILaunchScreen_Generation = YES;
				INFOPLIST_KEY_UISupportedInterfaceOrientations_iPad = "UIInterfaceOrientationPortrait UIInterfaceOrientationPortraitUpsideDown UIInterfaceOrientationLandscapeLeft UIInterfaceOrientationLandscapeRight";
				INFOPLIST_KEY_UISupportedInterfaceOrientations_iPhone = "UIInterfaceOrientationPortrait UIInterfaceOrientationLandscapeLeft UIInterfaceOrientationLandscapeRight";
				IPHONEOS_DEPLOYMENT_TARGET = 15.2;
				LD_RUNPATH_SEARCH_PATHS = (
					"$(inherited)",
					"@executable_path/Frameworks",
				);
				MARKETING_VERSION = 1.0;
				PRODUCT_BUNDLE_IDENTIFIER = com.example.apple.CineBlix;
				PRODUCT_NAME = "$(TARGET_NAME)";
				SWIFT_EMIT_LOC_STRINGS = YES;
				SWIFT_VERSION = 5.0;
				TARGETED_DEVICE_FAMILY = "1,2";
			};
			name = Debug;
		};
		775613162B0E554200DC6BF4 /* Release */ = {
			isa = XCBuildConfiguration;
			baseConfigurationReference = 73DDF511763A39A9D4C93E93 /* Pods-CineBlix.release.xcconfig */;
			buildSettings = {
				ASSETCATALOG_COMPILER_APPICON_NAME = AppIcon;
				ASSETCATALOG_COMPILER_GLOBAL_ACCENT_COLOR_NAME = AccentColor;
				CODE_SIGN_STYLE = Automatic;
				CURRENT_PROJECT_VERSION = 1;
				DEVELOPMENT_ASSET_PATHS = "\"CineBlix/Preview Content\"";
				DEVELOPMENT_TEAM = DYXBWDG6F4;
				ENABLE_PREVIEWS = YES;
				ENABLE_USER_SCRIPT_SANDBOXING = NO;
				GENERATE_INFOPLIST_FILE = YES;
				INFOPLIST_FILE = CineBlix/Info.plist;
				INFOPLIST_KEY_UIApplicationSceneManifest_Generation = YES;
				INFOPLIST_KEY_UIApplicationSupportsIndirectInputEvents = YES;
				INFOPLIST_KEY_UILaunchScreen_Generation = YES;
				INFOPLIST_KEY_UISupportedInterfaceOrientations_iPad = "UIInterfaceOrientationPortrait UIInterfaceOrientationPortraitUpsideDown UIInterfaceOrientationLandscapeLeft UIInterfaceOrientationLandscapeRight";
				INFOPLIST_KEY_UISupportedInterfaceOrientations_iPhone = "UIInterfaceOrientationPortrait UIInterfaceOrientationLandscapeLeft UIInterfaceOrientationLandscapeRight";
				IPHONEOS_DEPLOYMENT_TARGET = 15.2;
				LD_RUNPATH_SEARCH_PATHS = (
					"$(inherited)",
					"@executable_path/Frameworks",
				);
				MARKETING_VERSION = 1.0;
				PRODUCT_BUNDLE_IDENTIFIER = com.example.apple.CineBlix;
				PRODUCT_NAME = "$(TARGET_NAME)";
				SWIFT_EMIT_LOC_STRINGS = YES;
				SWIFT_VERSION = 5.0;
				TARGETED_DEVICE_FAMILY = "1,2";
			};
			name = Release;
		};
/* End XCBuildConfiguration section */

/* Begin XCConfigurationList section */
		775613012B0E554100DC6BF4 /* Build configuration list for PBXProject "CineBlix" */ = {
			isa = XCConfigurationList;
			buildConfigurations = (
				775613122B0E554200DC6BF4 /* Debug */,
				775613132B0E554200DC6BF4 /* Release */,
			);
			defaultConfigurationIsVisible = 0;
			defaultConfigurationName = Release;
		};
		775613142B0E554200DC6BF4 /* Build configuration list for PBXNativeTarget "CineBlix" */ = {
			isa = XCConfigurationList;
			buildConfigurations = (
				775613152B0E554200DC6BF4 /* Debug */,
				775613162B0E554200DC6BF4 /* Release */,
			);
			defaultConfigurationIsVisible = 0;
			defaultConfigurationName = Release;
		};
/* End XCConfigurationList section */
	};
	rootObject = 775612FE2B0E554100DC6BF4 /* Project object */;
}
