// !$*UTF8*$!
{
	archiveVersion = 1;
	classes = {
	};
	objectVersion = 70;
	objects = {

/* Begin PBXBuildFile section */
		770EE18E2EBE63490088E60E /* Core in Frameworks */ = {isa = PBXBuildFile; productRef = 770EE18D2EBE63490088E60E /* Core */; };
		7738CD112D09700300806BCE /* CompanyListItem.swift in Sources */ = {isa = PBXBuildFile; fileRef = 7738CD102D09700300806BCE /* CompanyListItem.swift */; };
		7738CD1C2D0A7E4E00806BCE /* MovieEntity.swift in Sources */ = {isa = PBXBuildFile; fileRef = 7738CD1B2D0A7E3500806BCE /* MovieEntity.swift */; };
		7738CD202D0A818500806BCE /* MovieResponse.swift in Sources */ = {isa = PBXBuildFile; fileRef = 7738CD1F2D0A818000806BCE /* MovieResponse.swift */; };
		7738CD222D0A81B000806BCE /* HomeRepository.swift in Sources */ = {isa = PBXBuildFile; fileRef = 7738CD212D0A81AB00806BCE /* HomeRepository.swift */; };
		7738CD272D0AA08900806BCE /* HomeRemoteDataSource.swift in Sources */ = {isa = PBXBuildFile; fileRef = 7738CD262D0AA08400806BCE /* HomeRemoteDataSource.swift */; };
		7738CD292D0AC40B00806BCE /* MovieMapper.swift in Sources */ = {isa = PBXBuildFile; fileRef = 7738CD282D0AC40100806BCE /* MovieMapper.swift */; };
		774008862E6314650080B022 /* SearchModel.swift in Sources */ = {isa = PBXBuildFile; fileRef = 774008852E63145F0080B022 /* SearchModel.swift */; };
		774008882E6314F00080B022 /* SearchMovieInteractor.swift in Sources */ = {isa = PBXBuildFile; fileRef = 774008872E6314E80080B022 /* SearchMovieInteractor.swift */; };
		7740765B2E74024C000E8A8C /* SearchMovieMapper.swift in Sources */ = {isa = PBXBuildFile; fileRef = 7740765A2E740245000E8A8C /* SearchMovieMapper.swift */; };
		774076672E7805FC000E8A8C /* View.swift in Sources */ = {isa = PBXBuildFile; fileRef = 774076662E7805FA000E8A8C /* View.swift */; };
		77430AD22E31ED33007E682A /* DetailMovieInfoSection.swift in Sources */ = {isa = PBXBuildFile; fileRef = 77430AD12E31ED28007E682A /* DetailMovieInfoSection.swift */; };
		77430AD42E31F2CE007E682A /* DetailmovieReviewSection.swift in Sources */ = {isa = PBXBuildFile; fileRef = 77430AD32E31F2B9007E682A /* DetailmovieReviewSection.swift */; };
		77430AD62E31F3C4007E682A /* ReviewListItem.swift in Sources */ = {isa = PBXBuildFile; fileRef = 77430AD52E31F3B3007E682A /* ReviewListItem.swift */; };
		77504DD32D02FC00006A4DF5 /* HomeLocaleDataSource.swift in Sources */ = {isa = PBXBuildFile; fileRef = 77504DD22D02FBF9006A4DF5 /* HomeLocaleDataSource.swift */; };
		77504DD52D02FC8E006A4DF5 /* HomeInteractor.swift in Sources */ = {isa = PBXBuildFile; fileRef = 77504DD42D02FC8A006A4DF5 /* HomeInteractor.swift */; };
		77504DD72D02FC9F006A4DF5 /* DetailMovieInteractor.swift in Sources */ = {isa = PBXBuildFile; fileRef = 77504DD62D02FC97006A4DF5 /* DetailMovieInteractor.swift */; };
		77504DDB2D02FD03006A4DF5 /* DetailMovieView.swift in Sources */ = {isa = PBXBuildFile; fileRef = 77504DDA2D02FD03006A4DF5 /* DetailMovieView.swift */; };
		7752A0662CAB9739007E1B3F /* CustomError.swift in Sources */ = {isa = PBXBuildFile; fileRef = 7752A0652CAB972F007E1B3F /* CustomError.swift */; };
		7752A06E2CABA81F007E1B3F /* HomePresenter.swift in Sources */ = {isa = PBXBuildFile; fileRef = 7752A06D2CABA81F007E1B3F /* HomePresenter.swift */; };
		7752A0702CABA849007E1B3F /* DetailMoviePresenter.swift in Sources */ = {isa = PBXBuildFile; fileRef = 7752A06F2CABA849007E1B3F /* DetailMoviePresenter.swift */; };
		7752A0742CABA860007E1B3F /* DetailMovieRouter.swift in Sources */ = {isa = PBXBuildFile; fileRef = 7752A0732CABA860007E1B3F /* DetailMovieRouter.swift */; };
		7752A0762CABA9F4007E1B3F /* MovieResultModel.swift in Sources */ = {isa = PBXBuildFile; fileRef = 7752A0752CABA9EB007E1B3F /* MovieResultModel.swift */; };
		7752A07A2CABAB62007E1B3F /* OriginalLanguage.swift in Sources */ = {isa = PBXBuildFile; fileRef = 7752A0792CABAB57007E1B3F /* OriginalLanguage.swift */; };
		7756130A2B0E554100DC6BF4 /* CineBlixApp.swift in Sources */ = {isa = PBXBuildFile; fileRef = 775613092B0E554100DC6BF4 /* CineBlixApp.swift */; };
		7756130C2B0E554100DC6BF4 /* MainTabbar.swift in Sources */ = {isa = PBXBuildFile; fileRef = 7756130B2B0E554100DC6BF4 /* MainTabbar.swift */; };
		7756130E2B0E554200DC6BF4 /* Assets.xcassets in Resources */ = {isa = PBXBuildFile; fileRef = 7756130D2B0E554200DC6BF4 /* Assets.xcassets */; };
		775613112B0E554200DC6BF4 /* Preview Assets.xcassets in Resources */ = {isa = PBXBuildFile; fileRef = 775613102B0E554200DC6BF4 /* Preview Assets.xcassets */; };
		775ED9BE2CD2162F00E6E9CA /* FavoritePresenter.swift in Sources */ = {isa = PBXBuildFile; fileRef = 775ED9BD2CD2162900E6E9CA /* FavoritePresenter.swift */; };
		775ED9C02CD2164500E6E9CA /* FavoriteView.swift in Sources */ = {isa = PBXBuildFile; fileRef = 775ED9BF2CD2164500E6E9CA /* FavoriteView.swift */; };
		775ED9C22CD2166000E6E9CA /* ProfileView.swift in Sources */ = {isa = PBXBuildFile; fileRef = 775ED9C12CD2166000E6E9CA /* ProfileView.swift */; };
		776E4BA92CD74A3000A3449C /* ProfileRouter.swift in Sources */ = {isa = PBXBuildFile; fileRef = 776E4BA82CD74A3000A3449C /* ProfileRouter.swift */; };
		776E4BAB2CD74BD100A3449C /* ProfilePresenter.swift in Sources */ = {isa = PBXBuildFile; fileRef = 776E4BAA2CD74BD100A3449C /* ProfilePresenter.swift */; };
		776E4BAD2CD775A500A3449C /* GeneralWebview.swift in Sources */ = {isa = PBXBuildFile; fileRef = 776E4BAC2CD775A000A3449C /* GeneralWebview.swift */; };
		776E4BB22CD776EE00A3449C /* SharedMethods.swift in Sources */ = {isa = PBXBuildFile; fileRef = 776E4BB12CD776EB00A3449C /* SharedMethods.swift */; };
		776E4BB42CD7776A00A3449C /* FavoriteRouter.swift in Sources */ = {isa = PBXBuildFile; fileRef = 776E4BB32CD7776400A3449C /* FavoriteRouter.swift */; };
		777ACBF52B182CC3006DE143 /* Injection.swift in Sources */ = {isa = PBXBuildFile; fileRef = 777ACBF42B182CC3006DE143 /* Injection.swift */; };
		777ACC052B183E69006DE143 /* APICall.swift in Sources */ = {isa = PBXBuildFile; fileRef = 777ACC042B183E69006DE143 /* APICall.swift */; };
		778EBE332EA08A2E00E4E7A4 /* FavoriteMovieMapper.swift in Sources */ = {isa = PBXBuildFile; fileRef = 778EBE322EA08A2600E4E7A4 /* FavoriteMovieMapper.swift */; };
		7793CD9F2EC40C6900E8A96E /* CommonKit in Frameworks */ = {isa = PBXBuildFile; productRef = 7793CD9E2EC40C6900E8A96E /* CommonKit */; };
		7793CDA22EC40C7C00E8A96E /* CommonKit in Frameworks */ = {isa = PBXBuildFile; productRef = 7793CDA12EC40C7C00E8A96E /* CommonKit */; };
		7793D0392EC98A0B00E8A96E /* CommonKit in Frameworks */ = {isa = PBXBuildFile; productRef = 7793D0382EC98A0B00E8A96E /* CommonKit */; };
		7793D03B2EC9B04100E8A96E /* Core in Frameworks */ = {isa = PBXBuildFile; productRef = 7793D03A2EC9B04100E8A96E /* Core */; };
		7793D03D2EC9B04500E8A96E /* CommonKit in Frameworks */ = {isa = PBXBuildFile; productRef = 7793D03C2EC9B04500E8A96E /* CommonKit */; };
		7793D04C2EC9FE7E00E8A96E /* Localizable.strings in Resources */ = {isa = PBXBuildFile; fileRef = 7793D04A2EC9FE7E00E8A96E /* Localizable.strings */; };
		77999FD02E211ED80021C2C2 /* Kingfisher in Frameworks */ = {isa = PBXBuildFile; productRef = 77999FCF2E211ED80021C2C2 /* Kingfisher */; };
		77999FD32E211EE30021C2C2 /* Alamofire in Frameworks */ = {isa = PBXBuildFile; productRef = 77999FD22E211EE30021C2C2 /* Alamofire */; };
		77999FD62E211EEB0021C2C2 /* SwiftyJSON in Frameworks */ = {isa = PBXBuildFile; productRef = 77999FD52E211EEB0021C2C2 /* SwiftyJSON */; };
		77999FD92E211F050021C2C2 /* YouTubePlayerKit in Frameworks */ = {isa = PBXBuildFile; productRef = 77999FD82E211F050021C2C2 /* YouTubePlayerKit */; };
		77999FDC2E211F1B0021C2C2 /* netfox in Frameworks */ = {isa = PBXBuildFile; productRef = 77999FDB2E211F1B0021C2C2 /* netfox */; };
		77999FE12E225FBC0021C2C2 /* RealmSwift in Frameworks */ = {isa = PBXBuildFile; productRef = 77999FE02E225FBC0021C2C2 /* RealmSwift */; };
		77999FE42E225FED0021C2C2 /* SkeletonUI in Frameworks */ = {isa = PBXBuildFile; productRef = 77999FE32E225FED0021C2C2 /* SkeletonUI */; };
		77999FE82E2261C00021C2C2 /* GenreModel.swift in Sources */ = {isa = PBXBuildFile; fileRef = 77999FE72E2261B80021C2C2 /* GenreModel.swift */; };
		77999FEC2E226D7E0021C2C2 /* GenreResponse.swift in Sources */ = {isa = PBXBuildFile; fileRef = 77999FEB2E226D7B0021C2C2 /* GenreResponse.swift */; };
		7799A0222E227AD20021C2C2 /* HomeRouter.swift in Sources */ = {isa = PBXBuildFile; fileRef = 7799A0212E227ACE0021C2C2 /* HomeRouter.swift */; };
		7799A16F2E228B250021C2C2 /* RealmSwift in Embed Frameworks */ = {isa = PBXBuildFile; productRef = 77999FE02E225FBC0021C2C2 /* RealmSwift */; settings = {ATTRIBUTES = (CodeSignOnCopy, ); }; };
		7799A1732E24F7B00021C2C2 /* GeneralToolBar.swift in Sources */ = {isa = PBXBuildFile; fileRef = 7799A1722E24F7A50021C2C2 /* GeneralToolBar.swift */; };
		7799A1762E2500490021C2C2 /* FavoriteMovieListItem.swift in Sources */ = {isa = PBXBuildFile; fileRef = 7799A1752E2500490021C2C2 /* FavoriteMovieListItem.swift */; };
		7799A1782E265CA10021C2C2 /* DetailMovieResponse.swift in Sources */ = {isa = PBXBuildFile; fileRef = 7799A1772E265C9D0021C2C2 /* DetailMovieResponse.swift */; };
		7799A17A2E2798BE0021C2C2 /* DetailMovieReviewResponse.swift in Sources */ = {isa = PBXBuildFile; fileRef = 7799A1792E2798B90021C2C2 /* DetailMovieReviewResponse.swift */; };
		7799A17C2E2799EF0021C2C2 /* DetailMovieModel.swift in Sources */ = {isa = PBXBuildFile; fileRef = 7799A17B2E2799EB0021C2C2 /* DetailMovieModel.swift */; };
		7799A17E2E279C280021C2C2 /* DetailMovieRemoteDataSource.swift in Sources */ = {isa = PBXBuildFile; fileRef = 7799A17D2E279C0A0021C2C2 /* DetailMovieRemoteDataSource.swift */; };
		7799A1802E279DB00021C2C2 /* DetailMovieVideoResponse.swift in Sources */ = {isa = PBXBuildFile; fileRef = 7799A17F2E279DAA0021C2C2 /* DetailMovieVideoResponse.swift */; };
		7799A1842E27A4820021C2C2 /* DetailMovieRepository.swift in Sources */ = {isa = PBXBuildFile; fileRef = 7799A1832E27A47C0021C2C2 /* DetailMovieRepository.swift */; };
		7799A29E2E28DBF90021C2C2 /* DetailMovieEntity.swift in Sources */ = {isa = PBXBuildFile; fileRef = 7799A29D2E28DBF10021C2C2 /* DetailMovieEntity.swift */; };
		7799A2A02E28DC1E0021C2C2 /* DetailMovieLocalDataSource.swift in Sources */ = {isa = PBXBuildFile; fileRef = 7799A29F2E28DC150021C2C2 /* DetailMovieLocalDataSource.swift */; };
		7799A2D62E28E84C0021C2C2 /* DetailMovieMapper.swift in Sources */ = {isa = PBXBuildFile; fileRef = 7799A2D52E28E8480021C2C2 /* DetailMovieMapper.swift */; };
		7799A2D82E28E8AC0021C2C2 /* ProductionResponse.swift in Sources */ = {isa = PBXBuildFile; fileRef = 7799A2D72E28E8A60021C2C2 /* ProductionResponse.swift */; };
		77B68DF62EA4A0EF00C8E8BB /* FavoriteMovieInteractor.swift in Sources */ = {isa = PBXBuildFile; fileRef = 77B68DF52EA4A0E900C8E8BB /* FavoriteMovieInteractor.swift */; };
		77C1650E2E90EF2E00AD15E9 /* FavoriteMovieLocaleDataSource.swift in Sources */ = {isa = PBXBuildFile; fileRef = 77C1650D2E90EF1A00AD15E9 /* FavoriteMovieLocaleDataSource.swift */; };
		77C165102E90F43500AD15E9 /* FavoriteEntity.swift in Sources */ = {isa = PBXBuildFile; fileRef = 77C1650F2E90F43100AD15E9 /* FavoriteEntity.swift */; };
		77C165122E90FB2C00AD15E9 /* FavoriteMovieRepository.swift in Sources */ = {isa = PBXBuildFile; fileRef = 77C165112E90FB2600AD15E9 /* FavoriteMovieRepository.swift */; };
		77CF6D3C2C8EA01C00EFEA8F /* HomeView.swift in Sources */ = {isa = PBXBuildFile; fileRef = 77CF6D3B2C8EA01C00EFEA8F /* HomeView.swift */; };
		77E84C692D0938F5003A8FD2 /* GeneralButton.swift in Sources */ = {isa = PBXBuildFile; fileRef = 77E84C682D0938F5003A8FD2 /* GeneralButton.swift */; };
		77F25C7B2E48AB6A00FF4FF4 /* SearchView.swift in Sources */ = {isa = PBXBuildFile; fileRef = 77F25C7A2E48AB6700FF4FF4 /* SearchView.swift */; };
		77F25C7D2E48AB7400FF4FF4 /* SearchRouter.swift in Sources */ = {isa = PBXBuildFile; fileRef = 77F25C7C2E48AB7000FF4FF4 /* SearchRouter.swift */; };
		77F25C7F2E48AB7A00FF4FF4 /* SearchPresenter.swift in Sources */ = {isa = PBXBuildFile; fileRef = 77F25C7E2E48AB7700FF4FF4 /* SearchPresenter.swift */; };
		77F2608B2E54276300FF4FF4 /* BottomSheetPresentationController.swift in Sources */ = {isa = PBXBuildFile; fileRef = 77F2608A2E54274F00FF4FF4 /* BottomSheetPresentationController.swift */; };
		77F2608D2E54287900FF4FF4 /* APIErrorBottomSheet.swift in Sources */ = {isa = PBXBuildFile; fileRef = 77F2608C2E54287100FF4FF4 /* APIErrorBottomSheet.swift */; };
		77F2608F2E54606000FF4FF4 /* UIApplication.swift in Sources */ = {isa = PBXBuildFile; fileRef = 77F2608E2E54605800FF4FF4 /* UIApplication.swift */; };
		77F260922E54626400FF4FF4 /* SearchMovieListItem.swift in Sources */ = {isa = PBXBuildFile; fileRef = 77F260912E54625E00FF4FF4 /* SearchMovieListItem.swift */; };
		77F6C23F2E71156B008A6843 /* SearchMovieRepository.swift in Sources */ = {isa = PBXBuildFile; fileRef = 77F6C23E2E711561008A6843 /* SearchMovieRepository.swift */; };
		77F6C2812E728122008A6843 /* SearchMovieRemoteDataSource.swift in Sources */ = {isa = PBXBuildFile; fileRef = 77F6C2802E728119008A6843 /* SearchMovieRemoteDataSource.swift */; };
/* End PBXBuildFile section */

/* Begin PBXContainerItemProxy section */
		7793CD412EBF2F4B00E8A96E /* PBXContainerItemProxy */ = {
			isa = PBXContainerItemProxy;
			containerPortal = 775612FE2B0E554100DC6BF4 /* Project object */;
			proxyType = 1;
			remoteGlobalIDString = 775613052B0E554100DC6BF4;
			remoteInfo = CineBlix;
		};
/* End PBXContainerItemProxy section */

/* Begin PBXCopyFilesBuildPhase section */
		7799A1702E228B250021C2C2 /* Embed Frameworks */ = {
			isa = PBXCopyFilesBuildPhase;
			buildActionMask = 2147483647;
			dstPath = "";
			dstSubfolderSpec = 10;
			files = (
				7799A16F2E228B250021C2C2 /* RealmSwift in Embed Frameworks */,
			);
			name = "Embed Frameworks";
			runOnlyForDeploymentPostprocessing = 0;
		};
/* End PBXCopyFilesBuildPhase section */

/* Begin PBXFileReference section */
		770EE18F2EBE63960088E60E /* Core */ = {isa = PBXFileReference; lastKnownFileType = wrapper; path = Core; sourceTree = "<group>"; };
		7738CD102D09700300806BCE /* CompanyListItem.swift */ = {isa = PBXFileReference; lastKnownFileType = sourcecode.swift; path = CompanyListItem.swift; sourceTree = "<group>"; };
		7738CD1B2D0A7E3500806BCE /* MovieEntity.swift */ = {isa = PBXFileReference; lastKnownFileType = sourcecode.swift; path = MovieEntity.swift; sourceTree = "<group>"; };
		7738CD1F2D0A818000806BCE /* MovieResponse.swift */ = {isa = PBXFileReference; lastKnownFileType = sourcecode.swift; path = MovieResponse.swift; sourceTree = "<group>"; };
		7738CD212D0A81AB00806BCE /* HomeRepository.swift */ = {isa = PBXFileReference; lastKnownFileType = sourcecode.swift; path = HomeRepository.swift; sourceTree = "<group>"; };
		7738CD262D0AA08400806BCE /* HomeRemoteDataSource.swift */ = {isa = PBXFileReference; lastKnownFileType = sourcecode.swift; path = HomeRemoteDataSource.swift; sourceTree = "<group>"; };
		7738CD282D0AC40100806BCE /* MovieMapper.swift */ = {isa = PBXFileReference; lastKnownFileType = sourcecode.swift; path = MovieMapper.swift; sourceTree = "<group>"; };
		774008852E63145F0080B022 /* SearchModel.swift */ = {isa = PBXFileReference; lastKnownFileType = sourcecode.swift; path = SearchModel.swift; sourceTree = "<group>"; };
		774008872E6314E80080B022 /* SearchMovieInteractor.swift */ = {isa = PBXFileReference; lastKnownFileType = sourcecode.swift; path = SearchMovieInteractor.swift; sourceTree = "<group>"; };
		7740765A2E740245000E8A8C /* SearchMovieMapper.swift */ = {isa = PBXFileReference; lastKnownFileType = sourcecode.swift; path = SearchMovieMapper.swift; sourceTree = "<group>"; };
		774076662E7805FA000E8A8C /* View.swift */ = {isa = PBXFileReference; lastKnownFileType = sourcecode.swift; path = View.swift; sourceTree = "<group>"; };
		77430AD12E31ED28007E682A /* DetailMovieInfoSection.swift */ = {isa = PBXFileReference; lastKnownFileType = sourcecode.swift; path = DetailMovieInfoSection.swift; sourceTree = "<group>"; };
		77430AD32E31F2B9007E682A /* DetailmovieReviewSection.swift */ = {isa = PBXFileReference; lastKnownFileType = sourcecode.swift; path = DetailmovieReviewSection.swift; sourceTree = "<group>"; };
		77430AD52E31F3B3007E682A /* ReviewListItem.swift */ = {isa = PBXFileReference; lastKnownFileType = sourcecode.swift; path = ReviewListItem.swift; sourceTree = "<group>"; };
		77504DD22D02FBF9006A4DF5 /* HomeLocaleDataSource.swift */ = {isa = PBXFileReference; lastKnownFileType = sourcecode.swift; path = HomeLocaleDataSource.swift; sourceTree = "<group>"; };
		77504DD42D02FC8A006A4DF5 /* HomeInteractor.swift */ = {isa = PBXFileReference; lastKnownFileType = sourcecode.swift; path = HomeInteractor.swift; sourceTree = "<group>"; };
		77504DD62D02FC97006A4DF5 /* DetailMovieInteractor.swift */ = {isa = PBXFileReference; lastKnownFileType = sourcecode.swift; path = DetailMovieInteractor.swift; sourceTree = "<group>"; };
		77504DDA2D02FD03006A4DF5 /* DetailMovieView.swift */ = {isa = PBXFileReference; lastKnownFileType = sourcecode.swift; path = DetailMovieView.swift; sourceTree = "<group>"; };
		7752A0652CAB972F007E1B3F /* CustomError.swift */ = {isa = PBXFileReference; lastKnownFileType = sourcecode.swift; path = CustomError.swift; sourceTree = "<group>"; };
		7752A06A2CAB9D99007E1B3F /* Secrets.xcconfig */ = {isa = PBXFileReference; lastKnownFileType = text.xcconfig; path = Secrets.xcconfig; sourceTree = "<group>"; };
		7752A06C2CAB9E5E007E1B3F /* Info.plist */ = {isa = PBXFileReference; lastKnownFileType = text.plist; path = Info.plist; sourceTree = "<group>"; };
		7752A06D2CABA81F007E1B3F /* HomePresenter.swift */ = {isa = PBXFileReference; lastKnownFileType = sourcecode.swift; path = HomePresenter.swift; sourceTree = "<group>"; };
		7752A06F2CABA849007E1B3F /* DetailMoviePresenter.swift */ = {isa = PBXFileReference; lastKnownFileType = sourcecode.swift; path = DetailMoviePresenter.swift; sourceTree = "<group>"; };
		7752A0732CABA860007E1B3F /* DetailMovieRouter.swift */ = {isa = PBXFileReference; lastKnownFileType = sourcecode.swift; path = DetailMovieRouter.swift; sourceTree = "<group>"; };
		7752A0752CABA9EB007E1B3F /* MovieResultModel.swift */ = {isa = PBXFileReference; lastKnownFileType = sourcecode.swift; path = MovieResultModel.swift; sourceTree = "<group>"; };
		7752A0792CABAB57007E1B3F /* OriginalLanguage.swift */ = {isa = PBXFileReference; lastKnownFileType = sourcecode.swift; path = OriginalLanguage.swift; sourceTree = "<group>"; };
		775613062B0E554100DC6BF4 /* CineBlix.app */ = {isa = PBXFileReference; explicitFileType = wrapper.application; includeInIndex = 0; path = CineBlix.app; sourceTree = BUILT_PRODUCTS_DIR; };
		775613092B0E554100DC6BF4 /* CineBlixApp.swift */ = {isa = PBXFileReference; lastKnownFileType = sourcecode.swift; path = CineBlixApp.swift; sourceTree = "<group>"; };
		7756130B2B0E554100DC6BF4 /* MainTabbar.swift */ = {isa = PBXFileReference; lastKnownFileType = sourcecode.swift; path = MainTabbar.swift; sourceTree = "<group>"; };
		7756130D2B0E554200DC6BF4 /* Assets.xcassets */ = {isa = PBXFileReference; lastKnownFileType = folder.assetcatalog; path = Assets.xcassets; sourceTree = "<group>"; };
		775613102B0E554200DC6BF4 /* Preview Assets.xcassets */ = {isa = PBXFileReference; lastKnownFileType = folder.assetcatalog; path = "Preview Assets.xcassets"; sourceTree = "<group>"; };
		775ED9BD2CD2162900E6E9CA /* FavoritePresenter.swift */ = {isa = PBXFileReference; lastKnownFileType = sourcecode.swift; path = FavoritePresenter.swift; sourceTree = "<group>"; };
		775ED9BF2CD2164500E6E9CA /* FavoriteView.swift */ = {isa = PBXFileReference; lastKnownFileType = sourcecode.swift; path = FavoriteView.swift; sourceTree = "<group>"; };
		775ED9C12CD2166000E6E9CA /* ProfileView.swift */ = {isa = PBXFileReference; lastKnownFileType = sourcecode.swift; path = ProfileView.swift; sourceTree = "<group>"; };
		776E4BA82CD74A3000A3449C /* ProfileRouter.swift */ = {isa = PBXFileReference; lastKnownFileType = sourcecode.swift; path = ProfileRouter.swift; sourceTree = "<group>"; };
		776E4BAA2CD74BD100A3449C /* ProfilePresenter.swift */ = {isa = PBXFileReference; lastKnownFileType = sourcecode.swift; path = ProfilePresenter.swift; sourceTree = "<group>"; };
		776E4BAC2CD775A000A3449C /* GeneralWebview.swift */ = {isa = PBXFileReference; lastKnownFileType = sourcecode.swift; path = GeneralWebview.swift; sourceTree = "<group>"; };
		776E4BB12CD776EB00A3449C /* SharedMethods.swift */ = {isa = PBXFileReference; lastKnownFileType = sourcecode.swift; path = SharedMethods.swift; sourceTree = "<group>"; };
		776E4BB32CD7776400A3449C /* FavoriteRouter.swift */ = {isa = PBXFileReference; lastKnownFileType = sourcecode.swift; path = FavoriteRouter.swift; sourceTree = "<group>"; };
		777ACBF42B182CC3006DE143 /* Injection.swift */ = {isa = PBXFileReference; lastKnownFileType = sourcecode.swift; path = Injection.swift; sourceTree = "<group>"; };
		777ACC042B183E69006DE143 /* APICall.swift */ = {isa = PBXFileReference; lastKnownFileType = sourcecode.swift; path = APICall.swift; sourceTree = "<group>"; };
		778EBE322EA08A2600E4E7A4 /* FavoriteMovieMapper.swift */ = {isa = PBXFileReference; lastKnownFileType = sourcecode.swift; path = FavoriteMovieMapper.swift; sourceTree = "<group>"; };
		7793CD3D2EBF2F4B00E8A96E /* CineBlixTests.xctest */ = {isa = PBXFileReference; explicitFileType = wrapper.cfbundle; includeInIndex = 0; path = CineBlixTests.xctest; sourceTree = BUILT_PRODUCTS_DIR; };
		7793CD9C2EC40C4800E8A96E /* CommonKit */ = {isa = PBXFileReference; lastKnownFileType = wrapper; path = CommonKit; sourceTree = "<group>"; };
		7793D04B2EC9FE7E00E8A96E /* en */ = {isa = PBXFileReference; lastKnownFileType = text.plist.strings; name = en; path = en.lproj/Localizable.strings; sourceTree = "<group>"; };
		7793D04D2ECA008C00E8A96E /* id */ = {isa = PBXFileReference; lastKnownFileType = text.plist.strings; name = id; path = id.lproj/Localizable.strings; sourceTree = "<group>"; };
		77999FE72E2261B80021C2C2 /* GenreModel.swift */ = {isa = PBXFileReference; lastKnownFileType = sourcecode.swift; path = GenreModel.swift; sourceTree = "<group>"; };
		77999FEB2E226D7B0021C2C2 /* GenreResponse.swift */ = {isa = PBXFileReference; lastKnownFileType = sourcecode.swift; path = GenreResponse.swift; sourceTree = "<group>"; };
		7799A0212E227ACE0021C2C2 /* HomeRouter.swift */ = {isa = PBXFileReference; lastKnownFileType = sourcecode.swift; path = HomeRouter.swift; sourceTree = "<group>"; };
		7799A1722E24F7A50021C2C2 /* GeneralToolBar.swift */ = {isa = PBXFileReference; lastKnownFileType = sourcecode.swift; path = GeneralToolBar.swift; sourceTree = "<group>"; };
		7799A1752E2500490021C2C2 /* FavoriteMovieListItem.swift */ = {isa = PBXFileReference; lastKnownFileType = sourcecode.swift; path = FavoriteMovieListItem.swift; sourceTree = "<group>"; };
		7799A1772E265C9D0021C2C2 /* DetailMovieResponse.swift */ = {isa = PBXFileReference; lastKnownFileType = sourcecode.swift; path = DetailMovieResponse.swift; sourceTree = "<group>"; };
		7799A1792E2798B90021C2C2 /* DetailMovieReviewResponse.swift */ = {isa = PBXFileReference; lastKnownFileType = sourcecode.swift; path = DetailMovieReviewResponse.swift; sourceTree = "<group>"; };
		7799A17B2E2799EB0021C2C2 /* DetailMovieModel.swift */ = {isa = PBXFileReference; lastKnownFileType = sourcecode.swift; path = DetailMovieModel.swift; sourceTree = "<group>"; };
		7799A17D2E279C0A0021C2C2 /* DetailMovieRemoteDataSource.swift */ = {isa = PBXFileReference; lastKnownFileType = sourcecode.swift; path = DetailMovieRemoteDataSource.swift; sourceTree = "<group>"; };
		7799A17F2E279DAA0021C2C2 /* DetailMovieVideoResponse.swift */ = {isa = PBXFileReference; lastKnownFileType = sourcecode.swift; path = DetailMovieVideoResponse.swift; sourceTree = "<group>"; };
		7799A1832E27A47C0021C2C2 /* DetailMovieRepository.swift */ = {isa = PBXFileReference; lastKnownFileType = sourcecode.swift; path = DetailMovieRepository.swift; sourceTree = "<group>"; };
		7799A29D2E28DBF10021C2C2 /* DetailMovieEntity.swift */ = {isa = PBXFileReference; lastKnownFileType = sourcecode.swift; path = DetailMovieEntity.swift; sourceTree = "<group>"; };
		7799A29F2E28DC150021C2C2 /* DetailMovieLocalDataSource.swift */ = {isa = PBXFileReference; lastKnownFileType = sourcecode.swift; path = DetailMovieLocalDataSource.swift; sourceTree = "<group>"; };
		7799A2D52E28E8480021C2C2 /* DetailMovieMapper.swift */ = {isa = PBXFileReference; lastKnownFileType = sourcecode.swift; path = DetailMovieMapper.swift; sourceTree = "<group>"; };
		7799A2D72E28E8A60021C2C2 /* ProductionResponse.swift */ = {isa = PBXFileReference; lastKnownFileType = sourcecode.swift; path = ProductionResponse.swift; sourceTree = "<group>"; };
		77B68DF52EA4A0E900C8E8BB /* FavoriteMovieInteractor.swift */ = {isa = PBXFileReference; lastKnownFileType = sourcecode.swift; path = FavoriteMovieInteractor.swift; sourceTree = "<group>"; };
		77C1650D2E90EF1A00AD15E9 /* FavoriteMovieLocaleDataSource.swift */ = {isa = PBXFileReference; lastKnownFileType = sourcecode.swift; path = FavoriteMovieLocaleDataSource.swift; sourceTree = "<group>"; };
		77C1650F2E90F43100AD15E9 /* FavoriteEntity.swift */ = {isa = PBXFileReference; lastKnownFileType = sourcecode.swift; path = FavoriteEntity.swift; sourceTree = "<group>"; };
		77C165112E90FB2600AD15E9 /* FavoriteMovieRepository.swift */ = {isa = PBXFileReference; lastKnownFileType = sourcecode.swift; path = FavoriteMovieRepository.swift; sourceTree = "<group>"; };
		77CF6D3B2C8EA01C00EFEA8F /* HomeView.swift */ = {isa = PBXFileReference; lastKnownFileType = sourcecode.swift; path = HomeView.swift; sourceTree = "<group>"; };
		77E84C682D0938F5003A8FD2 /* GeneralButton.swift */ = {isa = PBXFileReference; lastKnownFileType = sourcecode.swift; path = GeneralButton.swift; sourceTree = "<group>"; };
		77F25C7A2E48AB6700FF4FF4 /* SearchView.swift */ = {isa = PBXFileReference; lastKnownFileType = sourcecode.swift; path = SearchView.swift; sourceTree = "<group>"; };
		77F25C7C2E48AB7000FF4FF4 /* SearchRouter.swift */ = {isa = PBXFileReference; lastKnownFileType = sourcecode.swift; path = SearchRouter.swift; sourceTree = "<group>"; };
		77F25C7E2E48AB7700FF4FF4 /* SearchPresenter.swift */ = {isa = PBXFileReference; lastKnownFileType = sourcecode.swift; path = SearchPresenter.swift; sourceTree = "<group>"; };
		77F2608A2E54274F00FF4FF4 /* BottomSheetPresentationController.swift */ = {isa = PBXFileReference; lastKnownFileType = sourcecode.swift; path = BottomSheetPresentationController.swift; sourceTree = "<group>"; };
		77F2608C2E54287100FF4FF4 /* APIErrorBottomSheet.swift */ = {isa = PBXFileReference; lastKnownFileType = sourcecode.swift; path = APIErrorBottomSheet.swift; sourceTree = "<group>"; };
		77F2608E2E54605800FF4FF4 /* UIApplication.swift */ = {isa = PBXFileReference; lastKnownFileType = sourcecode.swift; path = UIApplication.swift; sourceTree = "<group>"; };
		77F260912E54625E00FF4FF4 /* SearchMovieListItem.swift */ = {isa = PBXFileReference; lastKnownFileType = sourcecode.swift; path = SearchMovieListItem.swift; sourceTree = "<group>"; };
		77F6C23E2E711561008A6843 /* SearchMovieRepository.swift */ = {isa = PBXFileReference; lastKnownFileType = sourcecode.swift; path = SearchMovieRepository.swift; sourceTree = "<group>"; };
		77F6C2802E728119008A6843 /* SearchMovieRemoteDataSource.swift */ = {isa = PBXFileReference; lastKnownFileType = sourcecode.swift; path = SearchMovieRemoteDataSource.swift; sourceTree = "<group>"; };
/* End PBXFileReference section */

/* Begin PBXFileSystemSynchronizedRootGroup section */
		7740765C2E77F2FF000E8A8C /* CustomTabBar */ = {isa = PBXFileSystemSynchronizedRootGroup; explicitFileTypes = {}; explicitFolders = (); path = CustomTabBar; sourceTree = "<group>"; };
		775ED9C32CD2284600E6E9CA /* Components */ = {isa = PBXFileSystemSynchronizedRootGroup; explicitFileTypes = {}; explicitFolders = (); path = Components; sourceTree = "<group>"; };
		7793CD3E2EBF2F4B00E8A96E /* CineBlixTests */ = {isa = PBXFileSystemSynchronizedRootGroup; explicitFileTypes = {}; explicitFolders = (); path = CineBlixTests; sourceTree = "<group>"; };
/* End PBXFileSystemSynchronizedRootGroup section */

/* Begin PBXFrameworksBuildPhase section */
		775613032B0E554100DC6BF4 /* Frameworks */ = {
			isa = PBXFrameworksBuildPhase;
			buildActionMask = 2147483647;
			files = (
				77999FDC2E211F1B0021C2C2 /* netfox in Frameworks */,
				77999FE12E225FBC0021C2C2 /* RealmSwift in Frameworks */,
				77999FD62E211EEB0021C2C2 /* SwiftyJSON in Frameworks */,
				77999FD02E211ED80021C2C2 /* Kingfisher in Frameworks */,
				77999FE42E225FED0021C2C2 /* SkeletonUI in Frameworks */,
				7793D03B2EC9B04100E8A96E /* Core in Frameworks */,
				770EE18E2EBE63490088E60E /* Core in Frameworks */,
				7793D0392EC98A0B00E8A96E /* CommonKit in Frameworks */,
				7793CDA22EC40C7C00E8A96E /* CommonKit in Frameworks */,
				7793D03D2EC9B04500E8A96E /* CommonKit in Frameworks */,
				77999FD92E211F050021C2C2 /* YouTubePlayerKit in Frameworks */,
				7793CD9F2EC40C6900E8A96E /* CommonKit in Frameworks */,
				77999FD32E211EE30021C2C2 /* Alamofire in Frameworks */,
			);
			runOnlyForDeploymentPostprocessing = 0;
		};
		7793CD3A2EBF2F4B00E8A96E /* Frameworks */ = {
			isa = PBXFrameworksBuildPhase;
			buildActionMask = 2147483647;
			files = (
			);
			runOnlyForDeploymentPostprocessing = 0;
		};
/* End PBXFrameworksBuildPhase section */

/* Begin PBXGroup section */
		7738CD092D093FB000806BCE /* Webview */ = {
			isa = PBXGroup;
			children = (
				776E4BAC2CD775A000A3449C /* GeneralWebview.swift */,
			);
			path = Webview;
			sourceTree = "<group>";
		};
		7738CD122D09703000806BCE /* Components */ = {
			isa = PBXGroup;
			children = (
				77430AD52E31F3B3007E682A /* ReviewListItem.swift */,
				77430AD32E31F2B9007E682A /* DetailmovieReviewSection.swift */,
				77430AD12E31ED28007E682A /* DetailMovieInfoSection.swift */,
				7738CD102D09700300806BCE /* CompanyListItem.swift */,
			);
			path = Components;
			sourceTree = "<group>";
		};
		7738CD172D0A7E0B00806BCE /* Remote */ = {
			isa = PBXGroup;
			children = (
				77F6C2802E728119008A6843 /* SearchMovieRemoteDataSource.swift */,
				7799A17D2E279C0A0021C2C2 /* DetailMovieRemoteDataSource.swift */,
				7738CD262D0AA08400806BCE /* HomeRemoteDataSource.swift */,
				7738CD1E2D0A817500806BCE /* Response */,
			);
			path = Remote;
			sourceTree = "<group>";
		};
		7738CD182D0A7E1500806BCE /* Locale */ = {
			isa = PBXGroup;
			children = (
				77C1650D2E90EF1A00AD15E9 /* FavoriteMovieLocaleDataSource.swift */,
				7799A29F2E28DC150021C2C2 /* DetailMovieLocalDataSource.swift */,
				77504DD22D02FBF9006A4DF5 /* HomeLocaleDataSource.swift */,
				7738CD1D2D0A7E5200806BCE /* Entity */,
			);
			path = Locale;
			sourceTree = "<group>";
		};
		7738CD1D2D0A7E5200806BCE /* Entity */ = {
			isa = PBXGroup;
			children = (
				77C1650F2E90F43100AD15E9 /* FavoriteEntity.swift */,
				7799A29D2E28DBF10021C2C2 /* DetailMovieEntity.swift */,
				7738CD1B2D0A7E3500806BCE /* MovieEntity.swift */,
			);
			path = Entity;
			sourceTree = "<group>";
		};
		7738CD1E2D0A817500806BCE /* Response */ = {
			isa = PBXGroup;
			children = (
				7738CD1F2D0A818000806BCE /* MovieResponse.swift */,
				77999FEB2E226D7B0021C2C2 /* GenreResponse.swift */,
				7799A2D72E28E8A60021C2C2 /* ProductionResponse.swift */,
				7799A1812E279DBF0021C2C2 /* DetailMovieResponse */,
			);
			path = Response;
			sourceTree = "<group>";
		};
		77464D732C204D7500C8B962 /* Favorite */ = {
			isa = PBXGroup;
			children = (
				7799A1742E2500360021C2C2 /* Components */,
				776E4BB32CD7776400A3449C /* FavoriteRouter.swift */,
				775ED9BD2CD2162900E6E9CA /* FavoritePresenter.swift */,
				775ED9BF2CD2164500E6E9CA /* FavoriteView.swift */,
			);
			path = Favorite;
			sourceTree = "<group>";
		};
		77464D742C204D7E00C8B962 /* Profile */ = {
			isa = PBXGroup;
			children = (
				775ED9C12CD2166000E6E9CA /* ProfileView.swift */,
				776E4BA82CD74A3000A3449C /* ProfileRouter.swift */,
				776E4BAA2CD74BD100A3449C /* ProfilePresenter.swift */,
			);
			path = Profile;
			sourceTree = "<group>";
		};
		7752A06B2CAB9D99007E1B3F /* SecureAPIKeys */ = {
			isa = PBXGroup;
			children = (
				7752A06A2CAB9D99007E1B3F /* Secrets.xcconfig */,
			);
			path = SecureAPIKeys;
			sourceTree = "<group>";
		};
		775612FD2B0E554100DC6BF4 = {
			isa = PBXGroup;
			children = (
				7793CD9C2EC40C4800E8A96E /* CommonKit */,
				770EE18F2EBE63960088E60E /* Core */,
				775613082B0E554100DC6BF4 /* CineBlix */,
				7793CD3E2EBF2F4B00E8A96E /* CineBlixTests */,
				775613072B0E554100DC6BF4 /* Products */,
				7752A06B2CAB9D99007E1B3F /* SecureAPIKeys */,
				7793CD9D2EC40C6900E8A96E /* Frameworks */,
			);
			sourceTree = "<group>";
		};
		775613072B0E554100DC6BF4 /* Products */ = {
			isa = PBXGroup;
			children = (
				775613062B0E554100DC6BF4 /* CineBlix.app */,
				7793CD3D2EBF2F4B00E8A96E /* CineBlixTests.xctest */,
			);
			name = Products;
			sourceTree = "<group>";
		};
		775613082B0E554100DC6BF4 /* CineBlix */ = {
			isa = PBXGroup;
			children = (
				7752A06C2CAB9E5E007E1B3F /* Info.plist */,
				77690B932B0F160E002CBFA2 /* Modules */,
				77690B882B0F0D1B002CBFA2 /* SupportingContent */,
				77690B872B0F0D08002CBFA2 /* Core */,
				77690B862B0F0D02002CBFA2 /* App */,
				7756130D2B0E554200DC6BF4 /* Assets.xcassets */,
				7756130F2B0E554200DC6BF4 /* Preview Content */,
				7793D04A2EC9FE7E00E8A96E /* Localizable.strings */,
			);
			path = CineBlix;
			sourceTree = "<group>";
		};
		7756130F2B0E554200DC6BF4 /* Preview Content */ = {
			isa = PBXGroup;
			children = (
				775613102B0E554200DC6BF4 /* Preview Assets.xcassets */,
			);
			path = "Preview Content";
			sourceTree = "<group>";
		};
		77690B862B0F0D02002CBFA2 /* App */ = {
			isa = PBXGroup;
			children = (
				7740765C2E77F2FF000E8A8C /* CustomTabBar */,
				775613092B0E554100DC6BF4 /* CineBlixApp.swift */,
				7756130B2B0E554100DC6BF4 /* MainTabbar.swift */,
			);
			path = App;
			sourceTree = "<group>";
		};
		77690B872B0F0D08002CBFA2 /* Core */ = {
			isa = PBXGroup;
			children = (
				77690B8E2B0F15BA002CBFA2 /* Utils */,
				77690B8B2B0F1585002CBFA2 /* Domain */,
				77690B8A2B0F157D002CBFA2 /* DI */,
				77690B892B0F1570002CBFA2 /* Data */,
			);
			path = Core;
			sourceTree = "<group>";
		};
		77690B882B0F0D1B002CBFA2 /* SupportingContent */ = {
			isa = PBXGroup;
			children = (
			);
			path = SupportingContent;
			sourceTree = "<group>";
		};
		77690B892B0F1570002CBFA2 /* Data */ = {
			isa = PBXGroup;
			children = (
				77C165112E90FB2600AD15E9 /* FavoriteMovieRepository.swift */,
				77F6C23E2E711561008A6843 /* SearchMovieRepository.swift */,
				7799A1832E27A47C0021C2C2 /* DetailMovieRepository.swift */,
				7738CD212D0A81AB00806BCE /* HomeRepository.swift */,
				7738CD182D0A7E1500806BCE /* Locale */,
				7738CD172D0A7E0B00806BCE /* Remote */,
			);
			path = Data;
			sourceTree = "<group>";
		};
		77690B8A2B0F157D002CBFA2 /* DI */ = {
			isa = PBXGroup;
			children = (
				777ACBF42B182CC3006DE143 /* Injection.swift */,
			);
			path = DI;
			sourceTree = "<group>";
		};
		77690B8B2B0F1585002CBFA2 /* Domain */ = {
			isa = PBXGroup;
			children = (
				77690B8D2B0F159D002CBFA2 /* UseCase */,
				77690B8C2B0F1594002CBFA2 /* Model */,
			);
			path = Domain;
			sourceTree = "<group>";
		};
		77690B8C2B0F1594002CBFA2 /* Model */ = {
			isa = PBXGroup;
			children = (
				774008852E63145F0080B022 /* SearchModel.swift */,
				7799A17B2E2799EB0021C2C2 /* DetailMovieModel.swift */,
				77999FE72E2261B80021C2C2 /* GenreModel.swift */,
				7752A0792CABAB57007E1B3F /* OriginalLanguage.swift */,
				7752A0752CABA9EB007E1B3F /* MovieResultModel.swift */,
			);
			path = Model;
			sourceTree = "<group>";
		};
		77690B8D2B0F159D002CBFA2 /* UseCase */ = {
			isa = PBXGroup;
			children = (
				77B68DF52EA4A0E900C8E8BB /* FavoriteMovieInteractor.swift */,
				774008872E6314E80080B022 /* SearchMovieInteractor.swift */,
				77504DD62D02FC97006A4DF5 /* DetailMovieInteractor.swift */,
				77504DD42D02FC8A006A4DF5 /* HomeInteractor.swift */,
			);
			path = UseCase;
			sourceTree = "<group>";
		};
		77690B8E2B0F15BA002CBFA2 /* Utils */ = {
			isa = PBXGroup;
			children = (
				776E4BAE2CD7766F00A3449C /* SharedMethods */,
				77690B912B0F15E1002CBFA2 /* Extensions */,
				77690B902B0F15D9002CBFA2 /* Mapper */,
				77690B8F2B0F15C8002CBFA2 /* Network */,
			);
			path = Utils;
			sourceTree = "<group>";
		};
		77690B8F2B0F15C8002CBFA2 /* Network */ = {
			isa = PBXGroup;
			children = (
				777ACC042B183E69006DE143 /* APICall.swift */,
			);
			path = Network;
			sourceTree = "<group>";
		};
		77690B902B0F15D9002CBFA2 /* Mapper */ = {
			isa = PBXGroup;
			children = (
				778EBE322EA08A2600E4E7A4 /* FavoriteMovieMapper.swift */,
				7740765A2E740245000E8A8C /* SearchMovieMapper.swift */,
				7799A2D52E28E8480021C2C2 /* DetailMovieMapper.swift */,
				7738CD282D0AC40100806BCE /* MovieMapper.swift */,
			);
			path = Mapper;
			sourceTree = "<group>";
		};
		77690B912B0F15E1002CBFA2 /* Extensions */ = {
			isa = PBXGroup;
			children = (
				774076662E7805FA000E8A8C /* View.swift */,
				77F2608E2E54605800FF4FF4 /* UIApplication.swift */,
				7752A0652CAB972F007E1B3F /* CustomError.swift */,
			);
			path = Extensions;
			sourceTree = "<group>";
		};
		77690B932B0F160E002CBFA2 /* Modules */ = {
			isa = PBXGroup;
			children = (
				7738CD092D093FB000806BCE /* Webview */,
				77E84C672D0938E3003A8FD2 /* Components */,
				77464D742C204D7E00C8B962 /* Profile */,
				77464D732C204D7500C8B962 /* Favorite */,
				77F25C792E48AB5800FF4FF4 /* Search */,
				77690B952B0F161F002CBFA2 /* Detail */,
				77690B942B0F161A002CBFA2 /* Home */,
			);
			path = Modules;
			sourceTree = "<group>";
		};
		77690B942B0F161A002CBFA2 /* Home */ = {
			isa = PBXGroup;
			children = (
				7799A0212E227ACE0021C2C2 /* HomeRouter.swift */,
				7752A06D2CABA81F007E1B3F /* HomePresenter.swift */,
				77CF6D3B2C8EA01C00EFEA8F /* HomeView.swift */,
				775ED9C32CD2284600E6E9CA /* Components */,
			);
			path = Home;
			sourceTree = "<group>";
		};
		77690B952B0F161F002CBFA2 /* Detail */ = {
			isa = PBXGroup;
			children = (
				7738CD122D09703000806BCE /* Components */,
				7752A06F2CABA849007E1B3F /* DetailMoviePresenter.swift */,
				7752A0732CABA860007E1B3F /* DetailMovieRouter.swift */,
				77504DDA2D02FD03006A4DF5 /* DetailMovieView.swift */,
			);
			path = Detail;
			sourceTree = "<group>";
		};
		776E4BAE2CD7766F00A3449C /* SharedMethods */ = {
			isa = PBXGroup;
			children = (
				776E4BB12CD776EB00A3449C /* SharedMethods.swift */,
			);
			path = SharedMethods;
			sourceTree = "<group>";
		};
		7793CD9D2EC40C6900E8A96E /* Frameworks */ = {
			isa = PBXGroup;
			children = (
			);
			name = Frameworks;
			sourceTree = "<group>";
		};
		7799A1742E2500360021C2C2 /* Components */ = {
			isa = PBXGroup;
			children = (
				7799A1752E2500490021C2C2 /* FavoriteMovieListItem.swift */,
			);
			path = Components;
			sourceTree = "<group>";
		};
		7799A1812E279DBF0021C2C2 /* DetailMovieResponse */ = {
			isa = PBXGroup;
			children = (
				7799A17F2E279DAA0021C2C2 /* DetailMovieVideoResponse.swift */,
				7799A1792E2798B90021C2C2 /* DetailMovieReviewResponse.swift */,
				7799A1772E265C9D0021C2C2 /* DetailMovieResponse.swift */,
			);
			path = DetailMovieResponse;
			sourceTree = "<group>";
		};
		77E84C672D0938E3003A8FD2 /* Components */ = {
			isa = PBXGroup;
			children = (
				77F260892E54274100FF4FF4 /* BottomSheet */,
				7799A1722E24F7A50021C2C2 /* GeneralToolBar.swift */,
				77E84C682D0938F5003A8FD2 /* GeneralButton.swift */,
			);
			path = Components;
			sourceTree = "<group>";
		};
		77F25C792E48AB5800FF4FF4 /* Search */ = {
			isa = PBXGroup;
			children = (
				77F260902E54625700FF4FF4 /* Components */,
				77F25C7E2E48AB7700FF4FF4 /* SearchPresenter.swift */,
				77F25C7C2E48AB7000FF4FF4 /* SearchRouter.swift */,
				77F25C7A2E48AB6700FF4FF4 /* SearchView.swift */,
			);
			path = Search;
			sourceTree = "<group>";
		};
		77F260892E54274100FF4FF4 /* BottomSheet */ = {
			isa = PBXGroup;
			children = (
				77F2608C2E54287100FF4FF4 /* APIErrorBottomSheet.swift */,
				77F2608A2E54274F00FF4FF4 /* BottomSheetPresentationController.swift */,
			);
			path = BottomSheet;
			sourceTree = "<group>";
		};
		77F260902E54625700FF4FF4 /* Components */ = {
			isa = PBXGroup;
			children = (
				77F260912E54625E00FF4FF4 /* SearchMovieListItem.swift */,
			);
			path = Components;
			sourceTree = "<group>";
		};
/* End PBXGroup section */

/* Begin PBXNativeTarget section */
		775613052B0E554100DC6BF4 /* CineBlix */ = {
			isa = PBXNativeTarget;
			buildConfigurationList = 775613142B0E554200DC6BF4 /* Build configuration list for PBXNativeTarget "CineBlix" */;
			buildPhases = (
				775613022B0E554100DC6BF4 /* Sources */,
				775613032B0E554100DC6BF4 /* Frameworks */,
				775613042B0E554100DC6BF4 /* Resources */,
				7799A1702E228B250021C2C2 /* Embed Frameworks */,
			);
			buildRules = (
			);
			dependencies = (
			);
			fileSystemSynchronizedGroups = (
				7740765C2E77F2FF000E8A8C /* CustomTabBar */,
				775ED9C32CD2284600E6E9CA /* Components */,
			);
			name = CineBlix;
			productName = CineBlix;
			productReference = 775613062B0E554100DC6BF4 /* CineBlix.app */;
			productType = "com.apple.product-type.application";
		};
		7793CD3C2EBF2F4B00E8A96E /* CineBlixTests */ = {
			isa = PBXNativeTarget;
			buildConfigurationList = 7793CD432EBF2F4B00E8A96E /* Build configuration list for PBXNativeTarget "CineBlixTests" */;
			buildPhases = (
				7793CD392EBF2F4B00E8A96E /* Sources */,
				7793CD3A2EBF2F4B00E8A96E /* Frameworks */,
				7793CD3B2EBF2F4B00E8A96E /* Resources */,
			);
			buildRules = (
			);
			dependencies = (
				7793CD422EBF2F4B00E8A96E /* PBXTargetDependency */,
			);
			fileSystemSynchronizedGroups = (
				7793CD3E2EBF2F4B00E8A96E /* CineBlixTests */,
			);
			name = CineBlixTests;
			packageProductDependencies = (
			);
			productName = CineBlixTests;
			productReference = 7793CD3D2EBF2F4B00E8A96E /* CineBlixTests.xctest */;
			productType = "com.apple.product-type.bundle.unit-test";
		};
/* End PBXNativeTarget section */

/* Begin PBXProject section */
		775612FE2B0E554100DC6BF4 /* Project object */ = {
			isa = PBXProject;
			attributes = {
				BuildIndependentTargetsInParallel = 1;
				LastSwiftUpdateCheck = 1640;
				LastUpgradeCheck = 1500;
				TargetAttributes = {
					775613052B0E554100DC6BF4 = {
						CreatedOnToolsVersion = 15.0.1;
					};
					7793CD3C2EBF2F4B00E8A96E = {
						CreatedOnToolsVersion = 16.4;
						LastSwiftMigration = 1640;
						TestTargetID = 775613052B0E554100DC6BF4;
					};
				};
			};
			buildConfigurationList = 775613012B0E554100DC6BF4 /* Build configuration list for PBXProject "CineBlix" */;
			compatibilityVersion = "Xcode 14.0";
			developmentRegion = en;
			hasScannedForEncodings = 0;
			knownRegions = (
				en,
				Base,
				id,
			);
			mainGroup = 775612FD2B0E554100DC6BF4;
			packageReferences = (
				77999FCE2E211ED80021C2C2 /* XCRemoteSwiftPackageReference "Kingfisher" */,
				77999FD12E211EE30021C2C2 /* XCRemoteSwiftPackageReference "Alamofire" */,
				77999FD42E211EEB0021C2C2 /* XCRemoteSwiftPackageReference "SwiftyJSON" */,
				77999FD72E211F050021C2C2 /* XCRemoteSwiftPackageReference "YouTubePlayerKit" */,
				77999FDA2E211F1B0021C2C2 /* XCRemoteSwiftPackageReference "netfox" */,
				77999FDD2E225FBC0021C2C2 /* XCRemoteSwiftPackageReference "realm-swift" */,
				77999FE22E225FED0021C2C2 /* XCRemoteSwiftPackageReference "SkeletonUI" */,
			);
			productRefGroup = 775613072B0E554100DC6BF4 /* Products */;
			projectDirPath = "";
			projectRoot = "";
			targets = (
				775613052B0E554100DC6BF4 /* CineBlix */,
				7793CD3C2EBF2F4B00E8A96E /* CineBlixTests */,
			);
		};
/* End PBXProject section */

/* Begin PBXResourcesBuildPhase section */
		775613042B0E554100DC6BF4 /* Resources */ = {
			isa = PBXResourcesBuildPhase;
			buildActionMask = 2147483647;
			files = (
				775613112B0E554200DC6BF4 /* Preview Assets.xcassets in Resources */,
				7793D04C2EC9FE7E00E8A96E /* Localizable.strings in Resources */,
				7756130E2B0E554200DC6BF4 /* Assets.xcassets in Resources */,
			);
			runOnlyForDeploymentPostprocessing = 0;
		};
		7793CD3B2EBF2F4B00E8A96E /* Resources */ = {
			isa = PBXResourcesBuildPhase;
			buildActionMask = 2147483647;
			files = (
			);
			runOnlyForDeploymentPostprocessing = 0;
		};
/* End PBXResourcesBuildPhase section */

/* Begin PBXSourcesBuildPhase section */
		775613022B0E554100DC6BF4 /* Sources */ = {
			isa = PBXSourcesBuildPhase;
			buildActionMask = 2147483647;
			files = (
				776E4BA92CD74A3000A3449C /* ProfileRouter.swift in Sources */,
				7799A17A2E2798BE0021C2C2 /* DetailMovieReviewResponse.swift in Sources */,
				7752A0702CABA849007E1B3F /* DetailMoviePresenter.swift in Sources */,
				774008882E6314F00080B022 /* SearchMovieInteractor.swift in Sources */,
				774008862E6314650080B022 /* SearchModel.swift in Sources */,
				7752A06E2CABA81F007E1B3F /* HomePresenter.swift in Sources */,
				7799A1732E24F7B00021C2C2 /* GeneralToolBar.swift in Sources */,
				7799A1802E279DB00021C2C2 /* DetailMovieVideoResponse.swift in Sources */,
				77504DDB2D02FD03006A4DF5 /* DetailMovieView.swift in Sources */,
				7738CD292D0AC40B00806BCE /* MovieMapper.swift in Sources */,
				77F2608F2E54606000FF4FF4 /* UIApplication.swift in Sources */,
				77504DD72D02FC9F006A4DF5 /* DetailMovieInteractor.swift in Sources */,
				7738CD272D0AA08900806BCE /* HomeRemoteDataSource.swift in Sources */,
				7799A0222E227AD20021C2C2 /* HomeRouter.swift in Sources */,
				77504DD32D02FC00006A4DF5 /* HomeLocaleDataSource.swift in Sources */,
				77F25C7D2E48AB7400FF4FF4 /* SearchRouter.swift in Sources */,
				7799A29E2E28DBF90021C2C2 /* DetailMovieEntity.swift in Sources */,
				777ACBF52B182CC3006DE143 /* Injection.swift in Sources */,
				774076672E7805FC000E8A8C /* View.swift in Sources */,
				77504DD52D02FC8E006A4DF5 /* HomeInteractor.swift in Sources */,
				77C165102E90F43500AD15E9 /* FavoriteEntity.swift in Sources */,
				77430AD42E31F2CE007E682A /* DetailmovieReviewSection.swift in Sources */,
				77F6C23F2E71156B008A6843 /* SearchMovieRepository.swift in Sources */,
				77430AD62E31F3C4007E682A /* ReviewListItem.swift in Sources */,
				77C1650E2E90EF2E00AD15E9 /* FavoriteMovieLocaleDataSource.swift in Sources */,
				7756130C2B0E554100DC6BF4 /* MainTabbar.swift in Sources */,
				77E84C692D0938F5003A8FD2 /* GeneralButton.swift in Sources */,
				7738CD222D0A81B000806BCE /* HomeRepository.swift in Sources */,
				7738CD202D0A818500806BCE /* MovieResponse.swift in Sources */,
				7799A1762E2500490021C2C2 /* FavoriteMovieListItem.swift in Sources */,
				77430AD22E31ED33007E682A /* DetailMovieInfoSection.swift in Sources */,
				77B68DF62EA4A0EF00C8E8BB /* FavoriteMovieInteractor.swift in Sources */,
				776E4BB42CD7776A00A3449C /* FavoriteRouter.swift in Sources */,
				7738CD112D09700300806BCE /* CompanyListItem.swift in Sources */,
				7799A2A02E28DC1E0021C2C2 /* DetailMovieLocalDataSource.swift in Sources */,
				777ACC052B183E69006DE143 /* APICall.swift in Sources */,
				7752A0762CABA9F4007E1B3F /* MovieResultModel.swift in Sources */,
				77F2608D2E54287900FF4FF4 /* APIErrorBottomSheet.swift in Sources */,
				77999FE82E2261C00021C2C2 /* GenreModel.swift in Sources */,
				778EBE332EA08A2E00E4E7A4 /* FavoriteMovieMapper.swift in Sources */,
				77999FEC2E226D7E0021C2C2 /* GenreResponse.swift in Sources */,
				7799A17E2E279C280021C2C2 /* DetailMovieRemoteDataSource.swift in Sources */,
				77CF6D3C2C8EA01C00EFEA8F /* HomeView.swift in Sources */,
				776E4BB22CD776EE00A3449C /* SharedMethods.swift in Sources */,
				775ED9C22CD2166000E6E9CA /* ProfileView.swift in Sources */,
				7799A17C2E2799EF0021C2C2 /* DetailMovieModel.swift in Sources */,
				7752A07A2CABAB62007E1B3F /* OriginalLanguage.swift in Sources */,
				7799A1842E27A4820021C2C2 /* DetailMovieRepository.swift in Sources */,
				7740765B2E74024C000E8A8C /* SearchMovieMapper.swift in Sources */,
				7738CD1C2D0A7E4E00806BCE /* MovieEntity.swift in Sources */,
				77C165122E90FB2C00AD15E9 /* FavoriteMovieRepository.swift in Sources */,
				77F25C7B2E48AB6A00FF4FF4 /* SearchView.swift in Sources */,
				77F6C2812E728122008A6843 /* SearchMovieRemoteDataSource.swift in Sources */,
				7752A0742CABA860007E1B3F /* DetailMovieRouter.swift in Sources */,
				7799A2D62E28E84C0021C2C2 /* DetailMovieMapper.swift in Sources */,
				775ED9BE2CD2162F00E6E9CA /* FavoritePresenter.swift in Sources */,
				7799A1782E265CA10021C2C2 /* DetailMovieResponse.swift in Sources */,
				7756130A2B0E554100DC6BF4 /* CineBlixApp.swift in Sources */,
				775ED9C02CD2164500E6E9CA /* FavoriteView.swift in Sources */,
				7799A2D82E28E8AC0021C2C2 /* ProductionResponse.swift in Sources */,
				77F260922E54626400FF4FF4 /* SearchMovieListItem.swift in Sources */,
				776E4BAD2CD775A500A3449C /* GeneralWebview.swift in Sources */,
				776E4BAB2CD74BD100A3449C /* ProfilePresenter.swift in Sources */,
				7752A0662CAB9739007E1B3F /* CustomError.swift in Sources */,
				77F25C7F2E48AB7A00FF4FF4 /* SearchPresenter.swift in Sources */,
				77F2608B2E54276300FF4FF4 /* BottomSheetPresentationController.swift in Sources */,
			);
			runOnlyForDeploymentPostprocessing = 0;
		};
		7793CD392EBF2F4B00E8A96E /* Sources */ = {
			isa = PBXSourcesBuildPhase;
			buildActionMask = 2147483647;
			files = (
			);
			runOnlyForDeploymentPostprocessing = 0;
		};
/* End PBXSourcesBuildPhase section */

/* Begin PBXTargetDependency section */
		7793CD422EBF2F4B00E8A96E /* PBXTargetDependency */ = {
			isa = PBXTargetDependency;
			target = 775613052B0E554100DC6BF4 /* CineBlix */;
			targetProxy = 7793CD412EBF2F4B00E8A96E /* PBXContainerItemProxy */;
		};
/* End PBXTargetDependency section */

/* Begin PBXVariantGroup section */
		7793D04A2EC9FE7E00E8A96E /* Localizable.strings */ = {
			isa = PBXVariantGroup;
			children = (
				7793D04B2EC9FE7E00E8A96E /* en */,
				7793D04D2ECA008C00E8A96E /* id */,
			);
			name = Localizable.strings;
			sourceTree = "<group>";
		};
/* End PBXVariantGroup section */

/* Begin XCBuildConfiguration section */
		775613122B0E554200DC6BF4 /* Debug */ = {
			isa = XCBuildConfiguration;
			buildSettings = {
				ALWAYS_SEARCH_USER_PATHS = NO;
				ASSETCATALOG_COMPILER_GENERATE_SWIFT_ASSET_SYMBOL_EXTENSIONS = YES;
				CLANG_ANALYZER_NONNULL = YES;
				CLANG_ANALYZER_NUMBER_OBJECT_CONVERSION = YES_AGGRESSIVE;
				CLANG_CXX_LANGUAGE_STANDARD = "gnu++20";
				CLANG_ENABLE_MODULES = YES;
				CLANG_ENABLE_OBJC_ARC = YES;
				CLANG_ENABLE_OBJC_WEAK = YES;
				CLANG_WARN_BLOCK_CAPTURE_AUTORELEASING = YES;
				CLANG_WARN_BOOL_CONVERSION = YES;
				CLANG_WARN_COMMA = YES;
				CLANG_WARN_CONSTANT_CONVERSION = YES;
				CLANG_WARN_DEPRECATED_OBJC_IMPLEMENTATIONS = YES;
				CLANG_WARN_DIRECT_OBJC_ISA_USAGE = YES_ERROR;
				CLANG_WARN_DOCUMENTATION_COMMENTS = YES;
				CLANG_WARN_EMPTY_BODY = YES;
				CLANG_WARN_ENUM_CONVERSION = YES;
				CLANG_WARN_INFINITE_RECURSION = YES;
				CLANG_WARN_INT_CONVERSION = YES;
				CLANG_WARN_NON_LITERAL_NULL_CONVERSION = YES;
				CLANG_WARN_OBJC_IMPLICIT_RETAIN_SELF = YES;
				CLANG_WARN_OBJC_LITERAL_CONVERSION = YES;
				CLANG_WARN_OBJC_ROOT_CLASS = YES_ERROR;
				CLANG_WARN_QUOTED_INCLUDE_IN_FRAMEWORK_HEADER = YES;
				CLANG_WARN_RANGE_LOOP_ANALYSIS = YES;
				CLANG_WARN_STRICT_PROTOTYPES = YES;
				CLANG_WARN_SUSPICIOUS_MOVE = YES;
				CLANG_WARN_UNGUARDED_AVAILABILITY = YES_AGGRESSIVE;
				CLANG_WARN_UNREACHABLE_CODE = YES;
				CLANG_WARN__DUPLICATE_METHOD_MATCH = YES;
				COPY_PHASE_STRIP = NO;
				DEBUG_INFORMATION_FORMAT = dwarf;
				ENABLE_STRICT_OBJC_MSGSEND = YES;
				ENABLE_TESTABILITY = YES;
				ENABLE_USER_SCRIPT_SANDBOXING = YES;
				GCC_C_LANGUAGE_STANDARD = gnu17;
				GCC_DYNAMIC_NO_PIC = NO;
				GCC_NO_COMMON_BLOCKS = YES;
				GCC_OPTIMIZATION_LEVEL = 0;
				GCC_PREPROCESSOR_DEFINITIONS = (
					"DEBUG=1",
					"$(inherited)",
				);
				GCC_WARN_64_TO_32_BIT_CONVERSION = YES;
				GCC_WARN_ABOUT_RETURN_TYPE = YES_ERROR;
				GCC_WARN_UNDECLARED_SELECTOR = YES;
				GCC_WARN_UNINITIALIZED_AUTOS = YES_AGGRESSIVE;
				GCC_WARN_UNUSED_FUNCTION = YES;
				GCC_WARN_UNUSED_VARIABLE = YES;
				IPHONEOS_DEPLOYMENT_TARGET = 15.2;
				LOCALIZATION_PREFERS_STRING_CATALOGS = YES;
				MTL_ENABLE_DEBUG_INFO = INCLUDE_SOURCE;
				MTL_FAST_MATH = YES;
				ONLY_ACTIVE_ARCH = YES;
				SDKROOT = iphoneos;
				SWIFT_ACTIVE_COMPILATION_CONDITIONS = "DEBUG $(inherited)";
				SWIFT_EMIT_LOC_STRINGS = YES;
				SWIFT_OPTIMIZATION_LEVEL = "-Onone";
			};
			name = Debug;
		};
		775613132B0E554200DC6BF4 /* Release */ = {
			isa = XCBuildConfiguration;
			buildSettings = {
				ALWAYS_SEARCH_USER_PATHS = NO;
				ASSETCATALOG_COMPILER_GENERATE_SWIFT_ASSET_SYMBOL_EXTENSIONS = YES;
				CLANG_ANALYZER_NONNULL = YES;
				CLANG_ANALYZER_NUMBER_OBJECT_CONVERSION = YES_AGGRESSIVE;
				CLANG_CXX_LANGUAGE_STANDARD = "gnu++20";
				CLANG_ENABLE_MODULES = YES;
				CLANG_ENABLE_OBJC_ARC = YES;
				CLANG_ENABLE_OBJC_WEAK = YES;
				CLANG_WARN_BLOCK_CAPTURE_AUTORELEASING = YES;
				CLANG_WARN_BOOL_CONVERSION = YES;
				CLANG_WARN_COMMA = YES;
				CLANG_WARN_CONSTANT_CONVERSION = YES;
				CLANG_WARN_DEPRECATED_OBJC_IMPLEMENTATIONS = YES;
				CLANG_WARN_DIRECT_OBJC_ISA_USAGE = YES_ERROR;
				CLANG_WARN_DOCUMENTATION_COMMENTS = YES;
				CLANG_WARN_EMPTY_BODY = YES;
				CLANG_WARN_ENUM_CONVERSION = YES;
				CLANG_WARN_INFINITE_RECURSION = YES;
				CLANG_WARN_INT_CONVERSION = YES;
				CLANG_WARN_NON_LITERAL_NULL_CONVERSION = YES;
				CLANG_WARN_OBJC_IMPLICIT_RETAIN_SELF = YES;
				CLANG_WARN_OBJC_LITERAL_CONVERSION = YES;
				CLANG_WARN_OBJC_ROOT_CLASS = YES_ERROR;
				CLANG_WARN_QUOTED_INCLUDE_IN_FRAMEWORK_HEADER = YES;
				CLANG_WARN_RANGE_LOOP_ANALYSIS = YES;
				CLANG_WARN_STRICT_PROTOTYPES = YES;
				CLANG_WARN_SUSPICIOUS_MOVE = YES;
				CLANG_WARN_UNGUARDED_AVAILABILITY = YES_AGGRESSIVE;
				CLANG_WARN_UNREACHABLE_CODE = YES;
				CLANG_WARN__DUPLICATE_METHOD_MATCH = YES;
				COPY_PHASE_STRIP = NO;
				DEBUG_INFORMATION_FORMAT = "dwarf-with-dsym";
				ENABLE_NS_ASSERTIONS = NO;
				ENABLE_STRICT_OBJC_MSGSEND = YES;
				ENABLE_USER_SCRIPT_SANDBOXING = YES;
				GCC_C_LANGUAGE_STANDARD = gnu17;
				GCC_NO_COMMON_BLOCKS = YES;
				GCC_WARN_64_TO_32_BIT_CONVERSION = YES;
				GCC_WARN_ABOUT_RETURN_TYPE = YES_ERROR;
				GCC_WARN_UNDECLARED_SELECTOR = YES;
				GCC_WARN_UNINITIALIZED_AUTOS = YES_AGGRESSIVE;
				GCC_WARN_UNUSED_FUNCTION = YES;
				GCC_WARN_UNUSED_VARIABLE = YES;
				IPHONEOS_DEPLOYMENT_TARGET = 15.2;
				LOCALIZATION_PREFERS_STRING_CATALOGS = YES;
				MTL_ENABLE_DEBUG_INFO = NO;
				MTL_FAST_MATH = YES;
				SDKROOT = iphoneos;
				SWIFT_COMPILATION_MODE = wholemodule;
				SWIFT_EMIT_LOC_STRINGS = YES;
				VALIDATE_PRODUCT = YES;
			};
			name = Release;
		};
		775613152B0E554200DC6BF4 /* Debug */ = {
			isa = XCBuildConfiguration;
			buildSettings = {
				ASSETCATALOG_COMPILER_APPICON_NAME = AppIcon;
				ASSETCATALOG_COMPILER_GLOBAL_ACCENT_COLOR_NAME = AccentColor;
				CODE_SIGN_STYLE = Automatic;
				CURRENT_PROJECT_VERSION = 1;
				DEVELOPMENT_ASSET_PATHS = "\"CineBlix/Preview Content\"";
				DEVELOPMENT_TEAM = DYXBWDG6F4;
				ENABLE_PREVIEWS = YES;
				ENABLE_USER_SCRIPT_SANDBOXING = NO;
				GENERATE_INFOPLIST_FILE = YES;
				INFOPLIST_FILE = CineBlix/Info.plist;
				INFOPLIST_KEY_UIApplicationSceneManifest_Generation = YES;
				INFOPLIST_KEY_UIApplicationSupportsIndirectInputEvents = YES;
				INFOPLIST_KEY_UILaunchScreen_Generation = YES;
				INFOPLIST_KEY_UISupportedInterfaceOrientations_iPad = "UIInterfaceOrientationPortrait UIInterfaceOrientationPortraitUpsideDown UIInterfaceOrientationLandscapeLeft UIInterfaceOrientationLandscapeRight";
				INFOPLIST_KEY_UISupportedInterfaceOrientations_iPhone = "UIInterfaceOrientationPortrait UIInterfaceOrientationLandscapeLeft UIInterfaceOrientationLandscapeRight";
				IPHONEOS_DEPLOYMENT_TARGET = 15.2;
				LD_RUNPATH_SEARCH_PATHS = (
					"$(inherited)",
					"@executable_path/Frameworks",
				);
				MARKETING_VERSION = 1.0;
				PRODUCT_BUNDLE_IDENTIFIER = com.example.apple.CineBlix;
				PRODUCT_NAME = "$(TARGET_NAME)";
				SWIFT_EMIT_LOC_STRINGS = YES;
				SWIFT_VERSION = 5.0;
				TARGETED_DEVICE_FAMILY = "1,2";
			};
			name = Debug;
		};
		775613162B0E554200DC6BF4 /* Release */ = {
			isa = XCBuildConfiguration;
			buildSettings = {
				ASSETCATALOG_COMPILER_APPICON_NAME = AppIcon;
				ASSETCATALOG_COMPILER_GLOBAL_ACCENT_COLOR_NAME = AccentColor;
				CODE_SIGN_STYLE = Automatic;
				CURRENT_PROJECT_VERSION = 1;
				DEVELOPMENT_ASSET_PATHS = "\"CineBlix/Preview Content\"";
				DEVELOPMENT_TEAM = DYXBWDG6F4;
				ENABLE_PREVIEWS = YES;
				ENABLE_USER_SCRIPT_SANDBOXING = NO;
				GENERATE_INFOPLIST_FILE = YES;
				INFOPLIST_FILE = CineBlix/Info.plist;
				INFOPLIST_KEY_UIApplicationSceneManifest_Generation = YES;
				INFOPLIST_KEY_UIApplicationSupportsIndirectInputEvents = YES;
				INFOPLIST_KEY_UILaunchScreen_Generation = YES;
				INFOPLIST_KEY_UISupportedInterfaceOrientations_iPad = "UIInterfaceOrientationPortrait UIInterfaceOrientationPortraitUpsideDown UIInterfaceOrientationLandscapeLeft UIInterfaceOrientationLandscapeRight";
				INFOPLIST_KEY_UISupportedInterfaceOrientations_iPhone = "UIInterfaceOrientationPortrait UIInterfaceOrientationLandscapeLeft UIInterfaceOrientationLandscapeRight";
				IPHONEOS_DEPLOYMENT_TARGET = 15.2;
				LD_RUNPATH_SEARCH_PATHS = (
					"$(inherited)",
					"@executable_path/Frameworks",
				);
				MARKETING_VERSION = 1.0;
				PRODUCT_BUNDLE_IDENTIFIER = com.example.apple.CineBlix;
				PRODUCT_NAME = "$(TARGET_NAME)";
				SWIFT_EMIT_LOC_STRINGS = YES;
				SWIFT_VERSION = 5.0;
				TARGETED_DEVICE_FAMILY = "1,2";
			};
			name = Release;
		};
		7793CD442EBF2F4B00E8A96E /* Debug */ = {
			isa = XCBuildConfiguration;
			buildSettings = {
				BUNDLE_LOADER = "$(TEST_HOST)";
				CLANG_ENABLE_MODULES = YES;
				CODE_SIGN_STYLE = Automatic;
				CURRENT_PROJECT_VERSION = 1;
				DEVELOPMENT_TEAM = DYXBWDG6F4;
				GENERATE_INFOPLIST_FILE = YES;
				IPHONEOS_DEPLOYMENT_TARGET = 18.5;
				MARKETING_VERSION = 1.0;
				PRODUCT_BUNDLE_IDENTIFIER = com.achmadrijalu.CineBlixTests;
				PRODUCT_NAME = "$(TARGET_NAME)";
				SWIFT_EMIT_LOC_STRINGS = NO;
				SWIFT_OPTIMIZATION_LEVEL = "-Onone";
				SWIFT_VERSION = 5.0;
				TARGETED_DEVICE_FAMILY = "1,2";
				TEST_HOST = "$(BUILT_PRODUCTS_DIR)/CineBlix.app/$(BUNDLE_EXECUTABLE_FOLDER_PATH)/CineBlix";
			};
			name = Debug;
		};
		7793CD452EBF2F4B00E8A96E /* Release */ = {
			isa = XCBuildConfiguration;
			buildSettings = {
				BUNDLE_LOADER = "$(TEST_HOST)";
				CLANG_ENABLE_MODULES = YES;
				CODE_SIGN_STYLE = Automatic;
				CURRENT_PROJECT_VERSION = 1;
				DEVELOPMENT_TEAM = DYXBWDG6F4;
				GENERATE_INFOPLIST_FILE = YES;
				IPHONEOS_DEPLOYMENT_TARGET = 18.5;
				MARKETING_VERSION = 1.0;
				PRODUCT_BUNDLE_IDENTIFIER = com.achmadrijalu.CineBlixTests;
				PRODUCT_NAME = "$(TARGET_NAME)";
				SWIFT_EMIT_LOC_STRINGS = NO;
				SWIFT_VERSION = 5.0;
				TARGETED_DEVICE_FAMILY = "1,2";
				TEST_HOST = "$(BUILT_PRODUCTS_DIR)/CineBlix.app/$(BUNDLE_EXECUTABLE_FOLDER_PATH)/CineBlix";
			};
			name = Release;
		};
/* End XCBuildConfiguration section */

/* Begin XCConfigurationList section */
		775613012B0E554100DC6BF4 /* Build configuration list for PBXProject "CineBlix" */ = {
			isa = XCConfigurationList;
			buildConfigurations = (
				775613122B0E554200DC6BF4 /* Debug */,
				775613132B0E554200DC6BF4 /* Release */,
			);
			defaultConfigurationIsVisible = 0;
			defaultConfigurationName = Release;
		};
		775613142B0E554200DC6BF4 /* Build configuration list for PBXNativeTarget "CineBlix" */ = {
			isa = XCConfigurationList;
			buildConfigurations = (
				775613152B0E554200DC6BF4 /* Debug */,
				775613162B0E554200DC6BF4 /* Release */,
			);
			defaultConfigurationIsVisible = 0;
			defaultConfigurationName = Release;
		};
		7793CD432EBF2F4B00E8A96E /* Build configuration list for PBXNativeTarget "CineBlixTests" */ = {
			isa = XCConfigurationList;
			buildConfigurations = (
				7793CD442EBF2F4B00E8A96E /* Debug */,
				7793CD452EBF2F4B00E8A96E /* Release */,
			);
			defaultConfigurationIsVisible = 0;
			defaultConfigurationName = Release;
		};
/* End XCConfigurationList section */

/* Begin XCRemoteSwiftPackageReference section */
		77999FCE2E211ED80021C2C2 /* XCRemoteSwiftPackageReference "Kingfisher" */ = {
			isa = XCRemoteSwiftPackageReference;
			repositoryURL = "https://github.com/onevcat/Kingfisher.git";
			requirement = {
				kind = upToNextMajorVersion;
				minimumVersion = 8.4.0;
			};
		};
		77999FD12E211EE30021C2C2 /* XCRemoteSwiftPackageReference "Alamofire" */ = {
			isa = XCRemoteSwiftPackageReference;
			repositoryURL = "https://github.com/Alamofire/Alamofire.git";
			requirement = {
				kind = upToNextMajorVersion;
				minimumVersion = 5.10.2;
			};
		};
		77999FD42E211EEB0021C2C2 /* XCRemoteSwiftPackageReference "SwiftyJSON" */ = {
			isa = XCRemoteSwiftPackageReference;
			repositoryURL = "https://github.com/SwiftyJSON/SwiftyJSON.git";
			requirement = {
				kind = upToNextMajorVersion;
				minimumVersion = 5.0.2;
			};
		};
		77999FD72E211F050021C2C2 /* XCRemoteSwiftPackageReference "YouTubePlayerKit" */ = {
			isa = XCRemoteSwiftPackageReference;
			repositoryURL = "https://github.com/SvenTiigi/YouTubePlayerKit";
			requirement = {
				kind = upToNextMajorVersion;
				minimumVersion = 2.0.0;
			};
		};
		77999FDA2E211F1B0021C2C2 /* XCRemoteSwiftPackageReference "netfox" */ = {
			isa = XCRemoteSwiftPackageReference;
			repositoryURL = "https://github.com/kasketis/netfox";
			requirement = {
				kind = upToNextMajorVersion;
				minimumVersion = 1.21.0;
			};
		};
		77999FDD2E225FBC0021C2C2 /* XCRemoteSwiftPackageReference "realm-swift" */ = {
			isa = XCRemoteSwiftPackageReference;
			repositoryURL = "https://github.com/realm/realm-swift";
			requirement = {
				kind = exactVersion;
				version = 10.54.5;
			};
		};
		77999FE22E225FED0021C2C2 /* XCRemoteSwiftPackageReference "SkeletonUI" */ = {
			isa = XCRemoteSwiftPackageReference;
			repositoryURL = "https://github.com/CSolanaM/SkeletonUI";
			requirement = {
				kind = upToNextMajorVersion;
				minimumVersion = 2.0.2;
			};
		};
/* End XCRemoteSwiftPackageReference section */

/* Begin XCSwiftPackageProductDependency section */
		770EE18D2EBE63490088E60E /* Core */ = {
			isa = XCSwiftPackageProductDependency;
			productName = Core;
		};
		7793CD9E2EC40C6900E8A96E /* CommonKit */ = {
			isa = XCSwiftPackageProductDependency;
			productName = CommonKit;
		};
		7793CDA12EC40C7C00E8A96E /* CommonKit */ = {
			isa = XCSwiftPackageProductDependency;
			productName = CommonKit;
		};
		7793D0382EC98A0B00E8A96E /* CommonKit */ = {
			isa = XCSwiftPackageProductDependency;
			productName = CommonKit;
		};
		7793D03A2EC9B04100E8A96E /* Core */ = {
			isa = XCSwiftPackageProductDependency;
			productName = Core;
		};
		7793D03C2EC9B04500E8A96E /* CommonKit */ = {
			isa = XCSwiftPackageProductDependency;
			productName = CommonKit;
		};
		77999FCF2E211ED80021C2C2 /* Kingfisher */ = {
			isa = XCSwiftPackageProductDependency;
			package = 77999FCE2E211ED80021C2C2 /* XCRemoteSwiftPackageReference "Kingfisher" */;
			productName = Kingfisher;
		};
		77999FD22E211EE30021C2C2 /* Alamofire */ = {
			isa = XCSwiftPackageProductDependency;
			package = 77999FD12E211EE30021C2C2 /* XCRemoteSwiftPackageReference "Alamofire" */;
			productName = Alamofire;
		};
		77999FD52E211EEB0021C2C2 /* SwiftyJSON */ = {
			isa = XCSwiftPackageProductDependency;
			package = 77999FD42E211EEB0021C2C2 /* XCRemoteSwiftPackageReference "SwiftyJSON" */;
			productName = SwiftyJSON;
		};
		77999FD82E211F050021C2C2 /* YouTubePlayerKit */ = {
			isa = XCSwiftPackageProductDependency;
			package = 77999FD72E211F050021C2C2 /* XCRemoteSwiftPackageReference "YouTubePlayerKit" */;
			productName = YouTubePlayerKit;
		};
		77999FDB2E211F1B0021C2C2 /* netfox */ = {
			isa = XCSwiftPackageProductDependency;
			package = 77999FDA2E211F1B0021C2C2 /* XCRemoteSwiftPackageReference "netfox" */;
			productName = netfox;
		};
		77999FE02E225FBC0021C2C2 /* RealmSwift */ = {
			isa = XCSwiftPackageProductDependency;
			package = 77999FDD2E225FBC0021C2C2 /* XCRemoteSwiftPackageReference "realm-swift" */;
			productName = RealmSwift;
		};
		77999FE32E225FED0021C2C2 /* SkeletonUI */ = {
			isa = XCSwiftPackageProductDependency;
			package = 77999FE22E225FED0021C2C2 /* XCRemoteSwiftPackageReference "SkeletonUI" */;
			productName = SkeletonUI;
		};
/* End XCSwiftPackageProductDependency section */
	};
	rootObject = 775612FE2B0E554100DC6BF4 /* Project object */;
}
